Microsoft Visual Studio Solution File, Format Version 12.00
# Visual Studio 15
VisualStudioVersion = 15.0.27130.2026
MinimumVisualStudioVersion = 10.0.40219.1
Project("{FAE04EC0-301F-11D3-BF4B-00C04F79EFBC}") = "uzLib.Lite.Tests", "uzLib.Lite.Tests\uzLib.Lite.Tests.csproj", "{E1B1E24E-984C-4ADB-8703-27FD6CA4223E}"
EndProject
Project("{FAE04EC0-301F-11D3-BF4B-00C04F79EFBC}") = "uzLib.Lite.UnityEditor", "uzLib.Lite.UnityEditor\uzLib.Lite.UnityEditor.csproj", "{45D1C456-50EF-412E-B533-792862A1FFEA}"
EndProject
Project("{FAE04EC0-301F-11D3-BF4B-00C04F79EFBC}") = "uzLib.Lite.ExternalCode", "uzLib.Lite.ExternalCode\uzLib.Lite.ExternalCode.csproj", "{FCE02434-F560-4D30-9D8C-F7BBA0EDC36F}"
EndProject
Project("{FAE04EC0-301F-11D3-BF4B-00C04F79EFBC}") = "uzLib.Lite.AfterBuild", "uzLib.Lite.AfterBuild\uzLib.Lite.AfterBuild.csproj", "{E4E60A46-FB59-4284-A011-9299D6BD5263}"
EndProject
Project("{FAE04EC0-301F-11D3-BF4B-00C04F79EFBC}") = "uzLib.Lite", "uzLib.Lite\uzLib.Lite.csproj", "{D4DA84F9-521F-438B-9C70-7FE8F4D1F32A}"
EndProject
Project("{FAE04EC0-301F-11D3-BF4B-00C04F79EFBC}") = "uzLib.Lite.BeforeBuild", "uzLib.Lite.BeforeBuild\uzLib.Lite.BeforeBuild.csproj", "{72A4023F-322F-4C55-BFCA-659DCE329BFB}"
EndProject
Global
	GlobalSection(SolutionConfigurationPlatforms) = preSolution
		Debug|Any CPU = Debug|Any CPU
		Debug|SteamScraper = Debug|SteamScraper
		Debug|uzBuildingSystem = Debug|uzBuildingSystem
		Debug|uzCraft = Debug|uzCraft
		Debug|uzLib = Debug|uzLib
		Debug|uzProceduralCityGen = Debug|uzProceduralCityGen
		Debug|uzSourceToolkit = Debug|uzSourceToolkit
		Debug|uzSurfaceMapper = Debug|uzSurfaceMapper
		Debug|x64 = Debug|x64
		Debug|x86 = Debug|x86
		ForUnity|Any CPU = ForUnity|Any CPU
		ForUnity|SteamScraper = ForUnity|SteamScraper
		ForUnity|uzBuildingSystem = ForUnity|uzBuildingSystem
		ForUnity|uzCraft = ForUnity|uzCraft
		ForUnity|uzLib = ForUnity|uzLib
		ForUnity|uzProceduralCityGen = ForUnity|uzProceduralCityGen
		ForUnity|uzSourceToolkit = ForUnity|uzSourceToolkit
		ForUnity|uzSurfaceMapper = ForUnity|uzSurfaceMapper
		ForUnity|x64 = ForUnity|x64
		ForUnity|x86 = ForUnity|x86
		ForUnityAsPackage|Any CPU = ForUnityAsPackage|Any CPU
		ForUnityAsPackage|SteamScraper = ForUnityAsPackage|SteamScraper
		ForUnityAsPackage|uzBuildingSystem = ForUnityAsPackage|uzBuildingSystem
		ForUnityAsPackage|uzCraft = ForUnityAsPackage|uzCraft
		ForUnityAsPackage|uzLib = ForUnityAsPackage|uzLib
		ForUnityAsPackage|uzProceduralCityGen = ForUnityAsPackage|uzProceduralCityGen
		ForUnityAsPackage|uzSourceToolkit = ForUnityAsPackage|uzSourceToolkit
		ForUnityAsPackage|uzSurfaceMapper = ForUnityAsPackage|uzSurfaceMapper
		ForUnityAsPackage|x64 = ForUnityAsPackage|x64
		ForUnityAsPackage|x86 = ForUnityAsPackage|x86
		ForUnityEditor|Any CPU = ForUnityEditor|Any CPU
		ForUnityEditor|SteamScraper = ForUnityEditor|SteamScraper
		ForUnityEditor|uzBuildingSystem = ForUnityEditor|uzBuildingSystem
		ForUnityEditor|uzCraft = ForUnityEditor|uzCraft
		ForUnityEditor|uzLib = ForUnityEditor|uzLib
		ForUnityEditor|uzProceduralCityGen = ForUnityEditor|uzProceduralCityGen
		ForUnityEditor|uzSourceToolkit = ForUnityEditor|uzSourceToolkit
		ForUnityEditor|uzSurfaceMapper = ForUnityEditor|uzSurfaceMapper
		ForUnityEditor|x64 = ForUnityEditor|x64
		ForUnityEditor|x86 = ForUnityEditor|x86
		Release|Any CPU = Release|Any CPU
		Release|SteamScraper = Release|SteamScraper
		Release|uzBuildingSystem = Release|uzBuildingSystem
		Release|uzCraft = Release|uzCraft
		Release|uzLib = Release|uzLib
		Release|uzProceduralCityGen = Release|uzProceduralCityGen
		Release|uzSourceToolkit = Release|uzSourceToolkit
		Release|uzSurfaceMapper = Release|uzSurfaceMapper
		Release|x64 = Release|x64
		Release|x86 = Release|x86
	EndGlobalSection
	GlobalSection(ProjectConfigurationPlatforms) = postSolution
		{E1B1E24E-984C-4ADB-8703-27FD6CA4223E}.Debug|Any CPU.ActiveCfg = Debug|Any CPU
		{E1B1E24E-984C-4ADB-8703-27FD6CA4223E}.Debug|Any CPU.Build.0 = Debug|Any CPU
		{E1B1E24E-984C-4ADB-8703-27FD6CA4223E}.Debug|SteamScraper.ActiveCfg = Debug|Any CPU
		{E1B1E24E-984C-4ADB-8703-27FD6CA4223E}.Debug|SteamScraper.Build.0 = Debug|Any CPU
		{E1B1E24E-984C-4ADB-8703-27FD6CA4223E}.Debug|uzBuildingSystem.ActiveCfg = Debug|Any CPU
		{E1B1E24E-984C-4ADB-8703-27FD6CA4223E}.Debug|uzBuildingSystem.Build.0 = Debug|Any CPU
		{E1B1E24E-984C-4ADB-8703-27FD6CA4223E}.Debug|uzCraft.ActiveCfg = Debug|Any CPU
		{E1B1E24E-984C-4ADB-8703-27FD6CA4223E}.Debug|uzCraft.Build.0 = Debug|Any CPU
		{E1B1E24E-984C-4ADB-8703-27FD6CA4223E}.Debug|uzLib.ActiveCfg = Debug|Any CPU
		{E1B1E24E-984C-4ADB-8703-27FD6CA4223E}.Debug|uzLib.Build.0 = Debug|Any CPU
		{E1B1E24E-984C-4ADB-8703-27FD6CA4223E}.Debug|uzProceduralCityGen.ActiveCfg = Debug|Any CPU
		{E1B1E24E-984C-4ADB-8703-27FD6CA4223E}.Debug|uzProceduralCityGen.Build.0 = Debug|Any CPU
		{E1B1E24E-984C-4ADB-8703-27FD6CA4223E}.Debug|uzSourceToolkit.ActiveCfg = Debug|Any CPU
		{E1B1E24E-984C-4ADB-8703-27FD6CA4223E}.Debug|uzSourceToolkit.Build.0 = Debug|Any CPU
		{E1B1E24E-984C-4ADB-8703-27FD6CA4223E}.Debug|uzSurfaceMapper.ActiveCfg = Debug|Any CPU
		{E1B1E24E-984C-4ADB-8703-27FD6CA4223E}.Debug|uzSurfaceMapper.Build.0 = Debug|Any CPU
		{E1B1E24E-984C-4ADB-8703-27FD6CA4223E}.Debug|x64.ActiveCfg = Debug|x64
		{E1B1E24E-984C-4ADB-8703-27FD6CA4223E}.Debug|x64.Build.0 = Debug|x64
		{E1B1E24E-984C-4ADB-8703-27FD6CA4223E}.Debug|x86.ActiveCfg = Debug|x86
		{E1B1E24E-984C-4ADB-8703-27FD6CA4223E}.Debug|x86.Build.0 = Debug|x86
		{E1B1E24E-984C-4ADB-8703-27FD6CA4223E}.ForUnity|Any CPU.ActiveCfg = ForUnity|Any CPU
		{E1B1E24E-984C-4ADB-8703-27FD6CA4223E}.ForUnity|Any CPU.Build.0 = ForUnity|Any CPU
		{E1B1E24E-984C-4ADB-8703-27FD6CA4223E}.ForUnity|SteamScraper.ActiveCfg = ForUnity|Any CPU
		{E1B1E24E-984C-4ADB-8703-27FD6CA4223E}.ForUnity|SteamScraper.Build.0 = ForUnity|Any CPU
		{E1B1E24E-984C-4ADB-8703-27FD6CA4223E}.ForUnity|uzBuildingSystem.ActiveCfg = ForUnity|Any CPU
		{E1B1E24E-984C-4ADB-8703-27FD6CA4223E}.ForUnity|uzBuildingSystem.Build.0 = ForUnity|Any CPU
		{E1B1E24E-984C-4ADB-8703-27FD6CA4223E}.ForUnity|uzCraft.ActiveCfg = ForUnity|Any CPU
		{E1B1E24E-984C-4ADB-8703-27FD6CA4223E}.ForUnity|uzCraft.Build.0 = ForUnity|Any CPU
		{E1B1E24E-984C-4ADB-8703-27FD6CA4223E}.ForUnity|uzLib.ActiveCfg = ForUnity|Any CPU
		{E1B1E24E-984C-4ADB-8703-27FD6CA4223E}.ForUnity|uzLib.Build.0 = ForUnity|Any CPU
		{E1B1E24E-984C-4ADB-8703-27FD6CA4223E}.ForUnity|uzProceduralCityGen.ActiveCfg = ForUnity|Any CPU
		{E1B1E24E-984C-4ADB-8703-27FD6CA4223E}.ForUnity|uzProceduralCityGen.Build.0 = ForUnity|Any CPU
		{E1B1E24E-984C-4ADB-8703-27FD6CA4223E}.ForUnity|uzSourceToolkit.ActiveCfg = ForUnity|Any CPU
		{E1B1E24E-984C-4ADB-8703-27FD6CA4223E}.ForUnity|uzSourceToolkit.Build.0 = ForUnity|Any CPU
		{E1B1E24E-984C-4ADB-8703-27FD6CA4223E}.ForUnity|uzSurfaceMapper.ActiveCfg = ForUnity|Any CPU
		{E1B1E24E-984C-4ADB-8703-27FD6CA4223E}.ForUnity|uzSurfaceMapper.Build.0 = ForUnity|Any CPU
		{E1B1E24E-984C-4ADB-8703-27FD6CA4223E}.ForUnity|x64.ActiveCfg = ForUnity|x64
		{E1B1E24E-984C-4ADB-8703-27FD6CA4223E}.ForUnity|x64.Build.0 = ForUnity|x64
		{E1B1E24E-984C-4ADB-8703-27FD6CA4223E}.ForUnity|x86.ActiveCfg = ForUnity|x86
		{E1B1E24E-984C-4ADB-8703-27FD6CA4223E}.ForUnity|x86.Build.0 = ForUnity|x86
		{E1B1E24E-984C-4ADB-8703-27FD6CA4223E}.ForUnityAsPackage|Any CPU.ActiveCfg = ForUnityAsPackage|Any CPU
		{E1B1E24E-984C-4ADB-8703-27FD6CA4223E}.ForUnityAsPackage|Any CPU.Build.0 = ForUnityAsPackage|Any CPU
		{E1B1E24E-984C-4ADB-8703-27FD6CA4223E}.ForUnityAsPackage|SteamScraper.ActiveCfg = ForUnityAsPackage|Any CPU
		{E1B1E24E-984C-4ADB-8703-27FD6CA4223E}.ForUnityAsPackage|SteamScraper.Build.0 = ForUnityAsPackage|Any CPU
		{E1B1E24E-984C-4ADB-8703-27FD6CA4223E}.ForUnityAsPackage|uzBuildingSystem.ActiveCfg = ForUnityAsPackage|Any CPU
		{E1B1E24E-984C-4ADB-8703-27FD6CA4223E}.ForUnityAsPackage|uzBuildingSystem.Build.0 = ForUnityAsPackage|Any CPU
		{E1B1E24E-984C-4ADB-8703-27FD6CA4223E}.ForUnityAsPackage|uzCraft.ActiveCfg = ForUnityAsPackage|Any CPU
		{E1B1E24E-984C-4ADB-8703-27FD6CA4223E}.ForUnityAsPackage|uzCraft.Build.0 = ForUnityAsPackage|Any CPU
		{E1B1E24E-984C-4ADB-8703-27FD6CA4223E}.ForUnityAsPackage|uzLib.ActiveCfg = ForUnityAsPackage|Any CPU
		{E1B1E24E-984C-4ADB-8703-27FD6CA4223E}.ForUnityAsPackage|uzLib.Build.0 = ForUnityAsPackage|Any CPU
		{E1B1E24E-984C-4ADB-8703-27FD6CA4223E}.ForUnityAsPackage|uzProceduralCityGen.ActiveCfg = ForUnityAsPackage|Any CPU
		{E1B1E24E-984C-4ADB-8703-27FD6CA4223E}.ForUnityAsPackage|uzProceduralCityGen.Build.0 = ForUnityAsPackage|Any CPU
		{E1B1E24E-984C-4ADB-8703-27FD6CA4223E}.ForUnityAsPackage|uzSourceToolkit.ActiveCfg = ForUnityAsPackage|Any CPU
		{E1B1E24E-984C-4ADB-8703-27FD6CA4223E}.ForUnityAsPackage|uzSourceToolkit.Build.0 = ForUnityAsPackage|Any CPU
		{E1B1E24E-984C-4ADB-8703-27FD6CA4223E}.ForUnityAsPackage|uzSurfaceMapper.ActiveCfg = ForUnityAsPackage|Any CPU
		{E1B1E24E-984C-4ADB-8703-27FD6CA4223E}.ForUnityAsPackage|uzSurfaceMapper.Build.0 = ForUnityAsPackage|Any CPU
		{E1B1E24E-984C-4ADB-8703-27FD6CA4223E}.ForUnityAsPackage|x64.ActiveCfg = ForUnityAsPackage|x64
		{E1B1E24E-984C-4ADB-8703-27FD6CA4223E}.ForUnityAsPackage|x64.Build.0 = ForUnityAsPackage|x64
		{E1B1E24E-984C-4ADB-8703-27FD6CA4223E}.ForUnityAsPackage|x86.ActiveCfg = ForUnityAsPackage|x86
		{E1B1E24E-984C-4ADB-8703-27FD6CA4223E}.ForUnityAsPackage|x86.Build.0 = ForUnityAsPackage|x86
		{E1B1E24E-984C-4ADB-8703-27FD6CA4223E}.ForUnityEditor|Any CPU.ActiveCfg = ForUnityEditor|Any CPU
		{E1B1E24E-984C-4ADB-8703-27FD6CA4223E}.ForUnityEditor|Any CPU.Build.0 = ForUnityEditor|Any CPU
		{E1B1E24E-984C-4ADB-8703-27FD6CA4223E}.ForUnityEditor|SteamScraper.ActiveCfg = ForUnityEditor|Any CPU
		{E1B1E24E-984C-4ADB-8703-27FD6CA4223E}.ForUnityEditor|SteamScraper.Build.0 = ForUnityEditor|Any CPU
		{E1B1E24E-984C-4ADB-8703-27FD6CA4223E}.ForUnityEditor|uzBuildingSystem.ActiveCfg = ForUnityEditor|Any CPU
		{E1B1E24E-984C-4ADB-8703-27FD6CA4223E}.ForUnityEditor|uzBuildingSystem.Build.0 = ForUnityEditor|Any CPU
		{E1B1E24E-984C-4ADB-8703-27FD6CA4223E}.ForUnityEditor|uzCraft.ActiveCfg = ForUnityEditor|Any CPU
		{E1B1E24E-984C-4ADB-8703-27FD6CA4223E}.ForUnityEditor|uzCraft.Build.0 = ForUnityEditor|Any CPU
		{E1B1E24E-984C-4ADB-8703-27FD6CA4223E}.ForUnityEditor|uzLib.ActiveCfg = ForUnityEditor|Any CPU
		{E1B1E24E-984C-4ADB-8703-27FD6CA4223E}.ForUnityEditor|uzLib.Build.0 = ForUnityEditor|Any CPU
		{E1B1E24E-984C-4ADB-8703-27FD6CA4223E}.ForUnityEditor|uzProceduralCityGen.ActiveCfg = ForUnityEditor|Any CPU
		{E1B1E24E-984C-4ADB-8703-27FD6CA4223E}.ForUnityEditor|uzProceduralCityGen.Build.0 = ForUnityEditor|Any CPU
		{E1B1E24E-984C-4ADB-8703-27FD6CA4223E}.ForUnityEditor|uzSourceToolkit.ActiveCfg = ForUnityEditor|Any CPU
		{E1B1E24E-984C-4ADB-8703-27FD6CA4223E}.ForUnityEditor|uzSourceToolkit.Build.0 = ForUnityEditor|Any CPU
		{E1B1E24E-984C-4ADB-8703-27FD6CA4223E}.ForUnityEditor|uzSurfaceMapper.ActiveCfg = ForUnityEditor|Any CPU
		{E1B1E24E-984C-4ADB-8703-27FD6CA4223E}.ForUnityEditor|uzSurfaceMapper.Build.0 = ForUnityEditor|Any CPU
		{E1B1E24E-984C-4ADB-8703-27FD6CA4223E}.ForUnityEditor|x64.ActiveCfg = ForUnityEditor|x64
		{E1B1E24E-984C-4ADB-8703-27FD6CA4223E}.ForUnityEditor|x64.Build.0 = ForUnityEditor|x64
		{E1B1E24E-984C-4ADB-8703-27FD6CA4223E}.ForUnityEditor|x86.ActiveCfg = ForUnityEditor|x86
		{E1B1E24E-984C-4ADB-8703-27FD6CA4223E}.ForUnityEditor|x86.Build.0 = ForUnityEditor|x86
		{E1B1E24E-984C-4ADB-8703-27FD6CA4223E}.Release|Any CPU.ActiveCfg = Release|Any CPU
		{E1B1E24E-984C-4ADB-8703-27FD6CA4223E}.Release|Any CPU.Build.0 = Release|Any CPU
		{E1B1E24E-984C-4ADB-8703-27FD6CA4223E}.Release|SteamScraper.ActiveCfg = Release|Any CPU
		{E1B1E24E-984C-4ADB-8703-27FD6CA4223E}.Release|SteamScraper.Build.0 = Release|Any CPU
		{E1B1E24E-984C-4ADB-8703-27FD6CA4223E}.Release|uzBuildingSystem.ActiveCfg = Release|Any CPU
		{E1B1E24E-984C-4ADB-8703-27FD6CA4223E}.Release|uzBuildingSystem.Build.0 = Release|Any CPU
		{E1B1E24E-984C-4ADB-8703-27FD6CA4223E}.Release|uzCraft.ActiveCfg = Release|Any CPU
		{E1B1E24E-984C-4ADB-8703-27FD6CA4223E}.Release|uzCraft.Build.0 = Release|Any CPU
		{E1B1E24E-984C-4ADB-8703-27FD6CA4223E}.Release|uzLib.ActiveCfg = Release|Any CPU
		{E1B1E24E-984C-4ADB-8703-27FD6CA4223E}.Release|uzLib.Build.0 = Release|Any CPU
		{E1B1E24E-984C-4ADB-8703-27FD6CA4223E}.Release|uzProceduralCityGen.ActiveCfg = Release|Any CPU
		{E1B1E24E-984C-4ADB-8703-27FD6CA4223E}.Release|uzProceduralCityGen.Build.0 = Release|Any CPU
		{E1B1E24E-984C-4ADB-8703-27FD6CA4223E}.Release|uzSourceToolkit.ActiveCfg = Release|Any CPU
		{E1B1E24E-984C-4ADB-8703-27FD6CA4223E}.Release|uzSourceToolkit.Build.0 = Release|Any CPU
		{E1B1E24E-984C-4ADB-8703-27FD6CA4223E}.Release|uzSurfaceMapper.ActiveCfg = Release|Any CPU
		{E1B1E24E-984C-4ADB-8703-27FD6CA4223E}.Release|uzSurfaceMapper.Build.0 = Release|Any CPU
		{E1B1E24E-984C-4ADB-8703-27FD6CA4223E}.Release|x64.ActiveCfg = Release|x64
		{E1B1E24E-984C-4ADB-8703-27FD6CA4223E}.Release|x64.Build.0 = Release|x64
		{E1B1E24E-984C-4ADB-8703-27FD6CA4223E}.Release|x86.ActiveCfg = Release|x86
		{E1B1E24E-984C-4ADB-8703-27FD6CA4223E}.Release|x86.Build.0 = Release|x86
		{45D1C456-50EF-412E-B533-792862A1FFEA}.Debug|Any CPU.ActiveCfg = Debug|Any CPU
		{45D1C456-50EF-412E-B533-792862A1FFEA}.Debug|Any CPU.Build.0 = Debug|Any CPU
		{45D1C456-50EF-412E-B533-792862A1FFEA}.Debug|SteamScraper.ActiveCfg = Debug|Any CPU
		{45D1C456-50EF-412E-B533-792862A1FFEA}.Debug|SteamScraper.Build.0 = Debug|Any CPU
		{45D1C456-50EF-412E-B533-792862A1FFEA}.Debug|uzBuildingSystem.ActiveCfg = Debug|Any CPU
		{45D1C456-50EF-412E-B533-792862A1FFEA}.Debug|uzBuildingSystem.Build.0 = Debug|Any CPU
		{45D1C456-50EF-412E-B533-792862A1FFEA}.Debug|uzCraft.ActiveCfg = Debug|Any CPU
		{45D1C456-50EF-412E-B533-792862A1FFEA}.Debug|uzCraft.Build.0 = Debug|Any CPU
		{45D1C456-50EF-412E-B533-792862A1FFEA}.Debug|uzLib.ActiveCfg = Debug|Any CPU
		{45D1C456-50EF-412E-B533-792862A1FFEA}.Debug|uzLib.Build.0 = Debug|Any CPU
		{45D1C456-50EF-412E-B533-792862A1FFEA}.Debug|uzProceduralCityGen.ActiveCfg = Debug|Any CPU
		{45D1C456-50EF-412E-B533-792862A1FFEA}.Debug|uzProceduralCityGen.Build.0 = Debug|Any CPU
		{45D1C456-50EF-412E-B533-792862A1FFEA}.Debug|uzSourceToolkit.ActiveCfg = Debug|Any CPU
		{45D1C456-50EF-412E-B533-792862A1FFEA}.Debug|uzSourceToolkit.Build.0 = Debug|Any CPU
		{45D1C456-50EF-412E-B533-792862A1FFEA}.Debug|uzSurfaceMapper.ActiveCfg = Debug|Any CPU
		{45D1C456-50EF-412E-B533-792862A1FFEA}.Debug|uzSurfaceMapper.Build.0 = Debug|Any CPU
		{45D1C456-50EF-412E-B533-792862A1FFEA}.Debug|x64.ActiveCfg = Debug|Any CPU
		{45D1C456-50EF-412E-B533-792862A1FFEA}.Debug|x86.ActiveCfg = Debug|Any CPU
		{45D1C456-50EF-412E-B533-792862A1FFEA}.ForUnity|Any CPU.ActiveCfg = ForUnity|Any CPU
		{45D1C456-50EF-412E-B533-792862A1FFEA}.ForUnity|Any CPU.Build.0 = ForUnity|Any CPU
		{45D1C456-50EF-412E-B533-792862A1FFEA}.ForUnity|SteamScraper.ActiveCfg = ForUnity|Any CPU
		{45D1C456-50EF-412E-B533-792862A1FFEA}.ForUnity|SteamScraper.Build.0 = ForUnity|Any CPU
		{45D1C456-50EF-412E-B533-792862A1FFEA}.ForUnity|uzBuildingSystem.ActiveCfg = ForUnity|Any CPU
		{45D1C456-50EF-412E-B533-792862A1FFEA}.ForUnity|uzBuildingSystem.Build.0 = ForUnity|Any CPU
		{45D1C456-50EF-412E-B533-792862A1FFEA}.ForUnity|uzCraft.ActiveCfg = ForUnity|Any CPU
		{45D1C456-50EF-412E-B533-792862A1FFEA}.ForUnity|uzCraft.Build.0 = ForUnity|Any CPU
		{45D1C456-50EF-412E-B533-792862A1FFEA}.ForUnity|uzLib.ActiveCfg = ForUnity|Any CPU
		{45D1C456-50EF-412E-B533-792862A1FFEA}.ForUnity|uzLib.Build.0 = ForUnity|Any CPU
		{45D1C456-50EF-412E-B533-792862A1FFEA}.ForUnity|uzProceduralCityGen.ActiveCfg = ForUnity|Any CPU
		{45D1C456-50EF-412E-B533-792862A1FFEA}.ForUnity|uzProceduralCityGen.Build.0 = ForUnity|Any CPU
		{45D1C456-50EF-412E-B533-792862A1FFEA}.ForUnity|uzSourceToolkit.ActiveCfg = ForUnity|Any CPU
		{45D1C456-50EF-412E-B533-792862A1FFEA}.ForUnity|uzSourceToolkit.Build.0 = ForUnity|Any CPU
		{45D1C456-50EF-412E-B533-792862A1FFEA}.ForUnity|uzSurfaceMapper.ActiveCfg = ForUnity|Any CPU
		{45D1C456-50EF-412E-B533-792862A1FFEA}.ForUnity|uzSurfaceMapper.Build.0 = ForUnity|Any CPU
		{45D1C456-50EF-412E-B533-792862A1FFEA}.ForUnity|x64.ActiveCfg = ForUnity|Any CPU
		{45D1C456-50EF-412E-B533-792862A1FFEA}.ForUnity|x86.ActiveCfg = ForUnity|Any CPU
		{45D1C456-50EF-412E-B533-792862A1FFEA}.ForUnityAsPackage|Any CPU.ActiveCfg = ForUnityAsPackage|Any CPU
		{45D1C456-50EF-412E-B533-792862A1FFEA}.ForUnityAsPackage|Any CPU.Build.0 = ForUnityAsPackage|Any CPU
		{45D1C456-50EF-412E-B533-792862A1FFEA}.ForUnityAsPackage|SteamScraper.ActiveCfg = ForUnityAsPackage|Any CPU
		{45D1C456-50EF-412E-B533-792862A1FFEA}.ForUnityAsPackage|SteamScraper.Build.0 = ForUnityAsPackage|Any CPU
		{45D1C456-50EF-412E-B533-792862A1FFEA}.ForUnityAsPackage|uzBuildingSystem.ActiveCfg = ForUnityAsPackage|Any CPU
		{45D1C456-50EF-412E-B533-792862A1FFEA}.ForUnityAsPackage|uzBuildingSystem.Build.0 = ForUnityAsPackage|Any CPU
		{45D1C456-50EF-412E-B533-792862A1FFEA}.ForUnityAsPackage|uzCraft.ActiveCfg = ForUnityAsPackage|Any CPU
		{45D1C456-50EF-412E-B533-792862A1FFEA}.ForUnityAsPackage|uzCraft.Build.0 = ForUnityAsPackage|Any CPU
		{45D1C456-50EF-412E-B533-792862A1FFEA}.ForUnityAsPackage|uzLib.ActiveCfg = ForUnityAsPackage|Any CPU
		{45D1C456-50EF-412E-B533-792862A1FFEA}.ForUnityAsPackage|uzLib.Build.0 = ForUnityAsPackage|Any CPU
		{45D1C456-50EF-412E-B533-792862A1FFEA}.ForUnityAsPackage|uzProceduralCityGen.ActiveCfg = ForUnityAsPackage|Any CPU
		{45D1C456-50EF-412E-B533-792862A1FFEA}.ForUnityAsPackage|uzProceduralCityGen.Build.0 = ForUnityAsPackage|Any CPU
		{45D1C456-50EF-412E-B533-792862A1FFEA}.ForUnityAsPackage|uzSourceToolkit.ActiveCfg = ForUnityAsPackage|Any CPU
		{45D1C456-50EF-412E-B533-792862A1FFEA}.ForUnityAsPackage|uzSourceToolkit.Build.0 = ForUnityAsPackage|Any CPU
		{45D1C456-50EF-412E-B533-792862A1FFEA}.ForUnityAsPackage|uzSurfaceMapper.ActiveCfg = ForUnityAsPackage|Any CPU
		{45D1C456-50EF-412E-B533-792862A1FFEA}.ForUnityAsPackage|uzSurfaceMapper.Build.0 = ForUnityAsPackage|Any CPU
		{45D1C456-50EF-412E-B533-792862A1FFEA}.ForUnityAsPackage|x64.ActiveCfg = ForUnityAsPackage|Any CPU
		{45D1C456-50EF-412E-B533-792862A1FFEA}.ForUnityAsPackage|x86.ActiveCfg = ForUnityAsPackage|Any CPU
		{45D1C456-50EF-412E-B533-792862A1FFEA}.ForUnityEditor|Any CPU.ActiveCfg = ForUnityAsPackage|Any CPU
		{45D1C456-50EF-412E-B533-792862A1FFEA}.ForUnityEditor|Any CPU.Build.0 = ForUnityAsPackage|Any CPU
		{45D1C456-50EF-412E-B533-792862A1FFEA}.ForUnityEditor|SteamScraper.ActiveCfg = ForUnityAsPackage|Any CPU
		{45D1C456-50EF-412E-B533-792862A1FFEA}.ForUnityEditor|SteamScraper.Build.0 = ForUnityAsPackage|Any CPU
		{45D1C456-50EF-412E-B533-792862A1FFEA}.ForUnityEditor|uzBuildingSystem.ActiveCfg = ForUnityAsPackage|Any CPU
		{45D1C456-50EF-412E-B533-792862A1FFEA}.ForUnityEditor|uzBuildingSystem.Build.0 = ForUnityAsPackage|Any CPU
		{45D1C456-50EF-412E-B533-792862A1FFEA}.ForUnityEditor|uzCraft.ActiveCfg = ForUnityAsPackage|Any CPU
		{45D1C456-50EF-412E-B533-792862A1FFEA}.ForUnityEditor|uzCraft.Build.0 = ForUnityAsPackage|Any CPU
		{45D1C456-50EF-412E-B533-792862A1FFEA}.ForUnityEditor|uzLib.ActiveCfg = ForUnityAsPackage|Any CPU
		{45D1C456-50EF-412E-B533-792862A1FFEA}.ForUnityEditor|uzLib.Build.0 = ForUnityAsPackage|Any CPU
		{45D1C456-50EF-412E-B533-792862A1FFEA}.ForUnityEditor|uzProceduralCityGen.ActiveCfg = ForUnityAsPackage|Any CPU
		{45D1C456-50EF-412E-B533-792862A1FFEA}.ForUnityEditor|uzProceduralCityGen.Build.0 = ForUnityAsPackage|Any CPU
		{45D1C456-50EF-412E-B533-792862A1FFEA}.ForUnityEditor|uzSourceToolkit.ActiveCfg = ForUnityAsPackage|Any CPU
		{45D1C456-50EF-412E-B533-792862A1FFEA}.ForUnityEditor|uzSourceToolkit.Build.0 = ForUnityAsPackage|Any CPU
		{45D1C456-50EF-412E-B533-792862A1FFEA}.ForUnityEditor|uzSurfaceMapper.ActiveCfg = ForUnityAsPackage|Any CPU
		{45D1C456-50EF-412E-B533-792862A1FFEA}.ForUnityEditor|uzSurfaceMapper.Build.0 = ForUnityAsPackage|Any CPU
		{45D1C456-50EF-412E-B533-792862A1FFEA}.ForUnityEditor|x64.ActiveCfg = ForUnityAsPackage|Any CPU
		{45D1C456-50EF-412E-B533-792862A1FFEA}.ForUnityEditor|x64.Build.0 = ForUnityAsPackage|Any CPU
		{45D1C456-50EF-412E-B533-792862A1FFEA}.ForUnityEditor|x86.ActiveCfg = ForUnityAsPackage|Any CPU
		{45D1C456-50EF-412E-B533-792862A1FFEA}.ForUnityEditor|x86.Build.0 = ForUnityAsPackage|Any CPU
		{45D1C456-50EF-412E-B533-792862A1FFEA}.Release|Any CPU.ActiveCfg = Release|Any CPU
		{45D1C456-50EF-412E-B533-792862A1FFEA}.Release|Any CPU.Build.0 = Release|Any CPU
		{45D1C456-50EF-412E-B533-792862A1FFEA}.Release|SteamScraper.ActiveCfg = Release|Any CPU
		{45D1C456-50EF-412E-B533-792862A1FFEA}.Release|SteamScraper.Build.0 = Release|Any CPU
		{45D1C456-50EF-412E-B533-792862A1FFEA}.Release|uzBuildingSystem.ActiveCfg = Release|Any CPU
		{45D1C456-50EF-412E-B533-792862A1FFEA}.Release|uzBuildingSystem.Build.0 = Release|Any CPU
		{45D1C456-50EF-412E-B533-792862A1FFEA}.Release|uzCraft.ActiveCfg = Release|Any CPU
		{45D1C456-50EF-412E-B533-792862A1FFEA}.Release|uzCraft.Build.0 = Release|Any CPU
		{45D1C456-50EF-412E-B533-792862A1FFEA}.Release|uzLib.ActiveCfg = Release|Any CPU
		{45D1C456-50EF-412E-B533-792862A1FFEA}.Release|uzLib.Build.0 = Release|Any CPU
		{45D1C456-50EF-412E-B533-792862A1FFEA}.Release|uzProceduralCityGen.ActiveCfg = Release|Any CPU
		{45D1C456-50EF-412E-B533-792862A1FFEA}.Release|uzProceduralCityGen.Build.0 = Release|Any CPU
		{45D1C456-50EF-412E-B533-792862A1FFEA}.Release|uzSourceToolkit.ActiveCfg = Release|Any CPU
		{45D1C456-50EF-412E-B533-792862A1FFEA}.Release|uzSourceToolkit.Build.0 = Release|Any CPU
		{45D1C456-50EF-412E-B533-792862A1FFEA}.Release|uzSurfaceMapper.ActiveCfg = Release|Any CPU
		{45D1C456-50EF-412E-B533-792862A1FFEA}.Release|uzSurfaceMapper.Build.0 = Release|Any CPU
		{45D1C456-50EF-412E-B533-792862A1FFEA}.Release|x64.ActiveCfg = Release|Any CPU
		{45D1C456-50EF-412E-B533-792862A1FFEA}.Release|x86.ActiveCfg = Release|Any CPU
		{FCE02434-F560-4D30-9D8C-F7BBA0EDC36F}.Debug|Any CPU.ActiveCfg = Debug|Any CPU
		{FCE02434-F560-4D30-9D8C-F7BBA0EDC36F}.Debug|Any CPU.Build.0 = Debug|Any CPU
		{FCE02434-F560-4D30-9D8C-F7BBA0EDC36F}.Debug|SteamScraper.ActiveCfg = Debug|Any CPU
		{FCE02434-F560-4D30-9D8C-F7BBA0EDC36F}.Debug|SteamScraper.Build.0 = Debug|Any CPU
		{FCE02434-F560-4D30-9D8C-F7BBA0EDC36F}.Debug|uzBuildingSystem.ActiveCfg = Debug|Any CPU
		{FCE02434-F560-4D30-9D8C-F7BBA0EDC36F}.Debug|uzBuildingSystem.Build.0 = Debug|Any CPU
		{FCE02434-F560-4D30-9D8C-F7BBA0EDC36F}.Debug|uzCraft.ActiveCfg = Debug|Any CPU
		{FCE02434-F560-4D30-9D8C-F7BBA0EDC36F}.Debug|uzCraft.Build.0 = Debug|Any CPU
		{FCE02434-F560-4D30-9D8C-F7BBA0EDC36F}.Debug|uzLib.ActiveCfg = Debug|Any CPU
		{FCE02434-F560-4D30-9D8C-F7BBA0EDC36F}.Debug|uzLib.Build.0 = Debug|Any CPU
		{FCE02434-F560-4D30-9D8C-F7BBA0EDC36F}.Debug|uzProceduralCityGen.ActiveCfg = Debug|Any CPU
		{FCE02434-F560-4D30-9D8C-F7BBA0EDC36F}.Debug|uzProceduralCityGen.Build.0 = Debug|Any CPU
		{FCE02434-F560-4D30-9D8C-F7BBA0EDC36F}.Debug|uzSourceToolkit.ActiveCfg = Debug|Any CPU
		{FCE02434-F560-4D30-9D8C-F7BBA0EDC36F}.Debug|uzSourceToolkit.Build.0 = Debug|Any CPU
		{FCE02434-F560-4D30-9D8C-F7BBA0EDC36F}.Debug|uzSurfaceMapper.ActiveCfg = Debug|Any CPU
		{FCE02434-F560-4D30-9D8C-F7BBA0EDC36F}.Debug|uzSurfaceMapper.Build.0 = Debug|Any CPU
		{FCE02434-F560-4D30-9D8C-F7BBA0EDC36F}.Debug|x64.ActiveCfg = Debug|x64
		{FCE02434-F560-4D30-9D8C-F7BBA0EDC36F}.Debug|x64.Build.0 = Debug|x64
		{FCE02434-F560-4D30-9D8C-F7BBA0EDC36F}.Debug|x86.ActiveCfg = Debug|x86
		{FCE02434-F560-4D30-9D8C-F7BBA0EDC36F}.Debug|x86.Build.0 = Debug|x86
		{FCE02434-F560-4D30-9D8C-F7BBA0EDC36F}.ForUnity|Any CPU.ActiveCfg = ForUnity|Any CPU
		{FCE02434-F560-4D30-9D8C-F7BBA0EDC36F}.ForUnity|Any CPU.Build.0 = ForUnity|Any CPU
		{FCE02434-F560-4D30-9D8C-F7BBA0EDC36F}.ForUnity|SteamScraper.ActiveCfg = ForUnity|Any CPU
		{FCE02434-F560-4D30-9D8C-F7BBA0EDC36F}.ForUnity|SteamScraper.Build.0 = ForUnity|Any CPU
		{FCE02434-F560-4D30-9D8C-F7BBA0EDC36F}.ForUnity|uzBuildingSystem.ActiveCfg = ForUnity|Any CPU
		{FCE02434-F560-4D30-9D8C-F7BBA0EDC36F}.ForUnity|uzBuildingSystem.Build.0 = ForUnity|Any CPU
		{FCE02434-F560-4D30-9D8C-F7BBA0EDC36F}.ForUnity|uzCraft.ActiveCfg = ForUnity|Any CPU
		{FCE02434-F560-4D30-9D8C-F7BBA0EDC36F}.ForUnity|uzCraft.Build.0 = ForUnity|Any CPU
		{FCE02434-F560-4D30-9D8C-F7BBA0EDC36F}.ForUnity|uzLib.ActiveCfg = ForUnity|Any CPU
		{FCE02434-F560-4D30-9D8C-F7BBA0EDC36F}.ForUnity|uzLib.Build.0 = ForUnity|Any CPU
		{FCE02434-F560-4D30-9D8C-F7BBA0EDC36F}.ForUnity|uzProceduralCityGen.ActiveCfg = ForUnity|Any CPU
		{FCE02434-F560-4D30-9D8C-F7BBA0EDC36F}.ForUnity|uzProceduralCityGen.Build.0 = ForUnity|Any CPU
		{FCE02434-F560-4D30-9D8C-F7BBA0EDC36F}.ForUnity|uzSourceToolkit.ActiveCfg = ForUnity|Any CPU
		{FCE02434-F560-4D30-9D8C-F7BBA0EDC36F}.ForUnity|uzSourceToolkit.Build.0 = ForUnity|Any CPU
		{FCE02434-F560-4D30-9D8C-F7BBA0EDC36F}.ForUnity|uzSurfaceMapper.ActiveCfg = ForUnity|Any CPU
		{FCE02434-F560-4D30-9D8C-F7BBA0EDC36F}.ForUnity|uzSurfaceMapper.Build.0 = ForUnity|Any CPU
		{FCE02434-F560-4D30-9D8C-F7BBA0EDC36F}.ForUnity|x64.ActiveCfg = ForUnity|x64
		{FCE02434-F560-4D30-9D8C-F7BBA0EDC36F}.ForUnity|x64.Build.0 = ForUnity|x64
		{FCE02434-F560-4D30-9D8C-F7BBA0EDC36F}.ForUnity|x86.ActiveCfg = ForUnity|x86
		{FCE02434-F560-4D30-9D8C-F7BBA0EDC36F}.ForUnity|x86.Build.0 = ForUnity|x86
		{FCE02434-F560-4D30-9D8C-F7BBA0EDC36F}.ForUnityAsPackage|Any CPU.ActiveCfg = ForUnityAsPackage|Any CPU
		{FCE02434-F560-4D30-9D8C-F7BBA0EDC36F}.ForUnityAsPackage|Any CPU.Build.0 = ForUnityAsPackage|Any CPU
		{FCE02434-F560-4D30-9D8C-F7BBA0EDC36F}.ForUnityAsPackage|SteamScraper.ActiveCfg = ForUnityAsPackage|Any CPU
		{FCE02434-F560-4D30-9D8C-F7BBA0EDC36F}.ForUnityAsPackage|SteamScraper.Build.0 = ForUnityAsPackage|Any CPU
		{FCE02434-F560-4D30-9D8C-F7BBA0EDC36F}.ForUnityAsPackage|uzBuildingSystem.ActiveCfg = ForUnityAsPackage|Any CPU
		{FCE02434-F560-4D30-9D8C-F7BBA0EDC36F}.ForUnityAsPackage|uzBuildingSystem.Build.0 = ForUnityAsPackage|Any CPU
		{FCE02434-F560-4D30-9D8C-F7BBA0EDC36F}.ForUnityAsPackage|uzCraft.ActiveCfg = ForUnityAsPackage|Any CPU
		{FCE02434-F560-4D30-9D8C-F7BBA0EDC36F}.ForUnityAsPackage|uzCraft.Build.0 = ForUnityAsPackage|Any CPU
		{FCE02434-F560-4D30-9D8C-F7BBA0EDC36F}.ForUnityAsPackage|uzLib.ActiveCfg = ForUnityAsPackage|Any CPU
		{FCE02434-F560-4D30-9D8C-F7BBA0EDC36F}.ForUnityAsPackage|uzLib.Build.0 = ForUnityAsPackage|Any CPU
		{FCE02434-F560-4D30-9D8C-F7BBA0EDC36F}.ForUnityAsPackage|uzProceduralCityGen.ActiveCfg = ForUnityAsPackage|Any CPU
		{FCE02434-F560-4D30-9D8C-F7BBA0EDC36F}.ForUnityAsPackage|uzProceduralCityGen.Build.0 = ForUnityAsPackage|Any CPU
		{FCE02434-F560-4D30-9D8C-F7BBA0EDC36F}.ForUnityAsPackage|uzSourceToolkit.ActiveCfg = ForUnityAsPackage|Any CPU
		{FCE02434-F560-4D30-9D8C-F7BBA0EDC36F}.ForUnityAsPackage|uzSourceToolkit.Build.0 = ForUnityAsPackage|Any CPU
		{FCE02434-F560-4D30-9D8C-F7BBA0EDC36F}.ForUnityAsPackage|uzSurfaceMapper.ActiveCfg = ForUnityAsPackage|Any CPU
		{FCE02434-F560-4D30-9D8C-F7BBA0EDC36F}.ForUnityAsPackage|uzSurfaceMapper.Build.0 = ForUnityAsPackage|Any CPU
		{FCE02434-F560-4D30-9D8C-F7BBA0EDC36F}.ForUnityAsPackage|x64.ActiveCfg = ForUnityAsPackage|x64
		{FCE02434-F560-4D30-9D8C-F7BBA0EDC36F}.ForUnityAsPackage|x64.Build.0 = ForUnityAsPackage|x64
		{FCE02434-F560-4D30-9D8C-F7BBA0EDC36F}.ForUnityAsPackage|x86.ActiveCfg = ForUnityAsPackage|x86
		{FCE02434-F560-4D30-9D8C-F7BBA0EDC36F}.ForUnityAsPackage|x86.Build.0 = ForUnityAsPackage|x86
		{FCE02434-F560-4D30-9D8C-F7BBA0EDC36F}.ForUnityEditor|Any CPU.ActiveCfg = ForUnityEditor|Any CPU
		{FCE02434-F560-4D30-9D8C-F7BBA0EDC36F}.ForUnityEditor|Any CPU.Build.0 = ForUnityEditor|Any CPU
		{FCE02434-F560-4D30-9D8C-F7BBA0EDC36F}.ForUnityEditor|SteamScraper.ActiveCfg = ForUnityEditor|Any CPU
		{FCE02434-F560-4D30-9D8C-F7BBA0EDC36F}.ForUnityEditor|SteamScraper.Build.0 = ForUnityEditor|Any CPU
		{FCE02434-F560-4D30-9D8C-F7BBA0EDC36F}.ForUnityEditor|uzBuildingSystem.ActiveCfg = ForUnityEditor|Any CPU
		{FCE02434-F560-4D30-9D8C-F7BBA0EDC36F}.ForUnityEditor|uzBuildingSystem.Build.0 = ForUnityEditor|Any CPU
		{FCE02434-F560-4D30-9D8C-F7BBA0EDC36F}.ForUnityEditor|uzCraft.ActiveCfg = ForUnityEditor|Any CPU
		{FCE02434-F560-4D30-9D8C-F7BBA0EDC36F}.ForUnityEditor|uzCraft.Build.0 = ForUnityEditor|Any CPU
		{FCE02434-F560-4D30-9D8C-F7BBA0EDC36F}.ForUnityEditor|uzLib.ActiveCfg = ForUnityEditor|Any CPU
		{FCE02434-F560-4D30-9D8C-F7BBA0EDC36F}.ForUnityEditor|uzLib.Build.0 = ForUnityEditor|Any CPU
		{FCE02434-F560-4D30-9D8C-F7BBA0EDC36F}.ForUnityEditor|uzProceduralCityGen.ActiveCfg = ForUnityEditor|Any CPU
		{FCE02434-F560-4D30-9D8C-F7BBA0EDC36F}.ForUnityEditor|uzProceduralCityGen.Build.0 = ForUnityEditor|Any CPU
		{FCE02434-F560-4D30-9D8C-F7BBA0EDC36F}.ForUnityEditor|uzSourceToolkit.ActiveCfg = ForUnityEditor|Any CPU
		{FCE02434-F560-4D30-9D8C-F7BBA0EDC36F}.ForUnityEditor|uzSourceToolkit.Build.0 = ForUnityEditor|Any CPU
		{FCE02434-F560-4D30-9D8C-F7BBA0EDC36F}.ForUnityEditor|uzSurfaceMapper.ActiveCfg = ForUnityEditor|Any CPU
		{FCE02434-F560-4D30-9D8C-F7BBA0EDC36F}.ForUnityEditor|uzSurfaceMapper.Build.0 = ForUnityEditor|Any CPU
		{FCE02434-F560-4D30-9D8C-F7BBA0EDC36F}.ForUnityEditor|x64.ActiveCfg = ForUnityEditor|x64
		{FCE02434-F560-4D30-9D8C-F7BBA0EDC36F}.ForUnityEditor|x64.Build.0 = ForUnityEditor|x64
		{FCE02434-F560-4D30-9D8C-F7BBA0EDC36F}.ForUnityEditor|x86.ActiveCfg = ForUnityEditor|x86
		{FCE02434-F560-4D30-9D8C-F7BBA0EDC36F}.ForUnityEditor|x86.Build.0 = ForUnityEditor|x86
		{FCE02434-F560-4D30-9D8C-F7BBA0EDC36F}.Release|Any CPU.ActiveCfg = Release|Any CPU
		{FCE02434-F560-4D30-9D8C-F7BBA0EDC36F}.Release|Any CPU.Build.0 = Release|Any CPU
		{FCE02434-F560-4D30-9D8C-F7BBA0EDC36F}.Release|SteamScraper.ActiveCfg = Release|Any CPU
		{FCE02434-F560-4D30-9D8C-F7BBA0EDC36F}.Release|SteamScraper.Build.0 = Release|Any CPU
		{FCE02434-F560-4D30-9D8C-F7BBA0EDC36F}.Release|uzBuildingSystem.ActiveCfg = Release|Any CPU
		{FCE02434-F560-4D30-9D8C-F7BBA0EDC36F}.Release|uzBuildingSystem.Build.0 = Release|Any CPU
		{FCE02434-F560-4D30-9D8C-F7BBA0EDC36F}.Release|uzCraft.ActiveCfg = Release|Any CPU
		{FCE02434-F560-4D30-9D8C-F7BBA0EDC36F}.Release|uzCraft.Build.0 = Release|Any CPU
		{FCE02434-F560-4D30-9D8C-F7BBA0EDC36F}.Release|uzLib.ActiveCfg = Release|Any CPU
		{FCE02434-F560-4D30-9D8C-F7BBA0EDC36F}.Release|uzLib.Build.0 = Release|Any CPU
		{FCE02434-F560-4D30-9D8C-F7BBA0EDC36F}.Release|uzProceduralCityGen.ActiveCfg = Release|Any CPU
		{FCE02434-F560-4D30-9D8C-F7BBA0EDC36F}.Release|uzProceduralCityGen.Build.0 = Release|Any CPU
		{FCE02434-F560-4D30-9D8C-F7BBA0EDC36F}.Release|uzSourceToolkit.ActiveCfg = Release|Any CPU
		{FCE02434-F560-4D30-9D8C-F7BBA0EDC36F}.Release|uzSourceToolkit.Build.0 = Release|Any CPU
		{FCE02434-F560-4D30-9D8C-F7BBA0EDC36F}.Release|uzSurfaceMapper.ActiveCfg = Release|Any CPU
		{FCE02434-F560-4D30-9D8C-F7BBA0EDC36F}.Release|uzSurfaceMapper.Build.0 = Release|Any CPU
		{FCE02434-F560-4D30-9D8C-F7BBA0EDC36F}.Release|x64.ActiveCfg = Release|x64
		{FCE02434-F560-4D30-9D8C-F7BBA0EDC36F}.Release|x64.Build.0 = Release|x64
		{FCE02434-F560-4D30-9D8C-F7BBA0EDC36F}.Release|x86.ActiveCfg = Release|x86
		{FCE02434-F560-4D30-9D8C-F7BBA0EDC36F}.Release|x86.Build.0 = Release|x86
		{E4E60A46-FB59-4284-A011-9299D6BD5263}.Debug|Any CPU.ActiveCfg = Debug|Any CPU
		{E4E60A46-FB59-4284-A011-9299D6BD5263}.Debug|Any CPU.Build.0 = Debug|Any CPU
		{E4E60A46-FB59-4284-A011-9299D6BD5263}.Debug|SteamScraper.ActiveCfg = Debug|Any CPU
		{E4E60A46-FB59-4284-A011-9299D6BD5263}.Debug|SteamScraper.Build.0 = Debug|Any CPU
		{E4E60A46-FB59-4284-A011-9299D6BD5263}.Debug|uzBuildingSystem.ActiveCfg = Debug|Any CPU
		{E4E60A46-FB59-4284-A011-9299D6BD5263}.Debug|uzBuildingSystem.Build.0 = Debug|Any CPU
		{E4E60A46-FB59-4284-A011-9299D6BD5263}.Debug|uzCraft.ActiveCfg = Debug|Any CPU
		{E4E60A46-FB59-4284-A011-9299D6BD5263}.Debug|uzCraft.Build.0 = Debug|Any CPU
		{E4E60A46-FB59-4284-A011-9299D6BD5263}.Debug|uzLib.ActiveCfg = Debug|Any CPU
		{E4E60A46-FB59-4284-A011-9299D6BD5263}.Debug|uzLib.Build.0 = Debug|Any CPU
		{E4E60A46-FB59-4284-A011-9299D6BD5263}.Debug|uzProceduralCityGen.ActiveCfg = Debug|Any CPU
		{E4E60A46-FB59-4284-A011-9299D6BD5263}.Debug|uzProceduralCityGen.Build.0 = Debug|Any CPU
		{E4E60A46-FB59-4284-A011-9299D6BD5263}.Debug|uzSourceToolkit.ActiveCfg = Debug|Any CPU
		{E4E60A46-FB59-4284-A011-9299D6BD5263}.Debug|uzSourceToolkit.Build.0 = Debug|Any CPU
		{E4E60A46-FB59-4284-A011-9299D6BD5263}.Debug|uzSurfaceMapper.ActiveCfg = Debug|Any CPU
		{E4E60A46-FB59-4284-A011-9299D6BD5263}.Debug|uzSurfaceMapper.Build.0 = Debug|Any CPU
		{E4E60A46-FB59-4284-A011-9299D6BD5263}.Debug|x64.ActiveCfg = Debug|x64
		{E4E60A46-FB59-4284-A011-9299D6BD5263}.Debug|x64.Build.0 = Debug|x64
		{E4E60A46-FB59-4284-A011-9299D6BD5263}.Debug|x86.ActiveCfg = Debug|x86
		{E4E60A46-FB59-4284-A011-9299D6BD5263}.Debug|x86.Build.0 = Debug|x86
		{E4E60A46-FB59-4284-A011-9299D6BD5263}.ForUnity|Any CPU.ActiveCfg = Release|Any CPU
		{E4E60A46-FB59-4284-A011-9299D6BD5263}.ForUnity|Any CPU.Build.0 = Release|Any CPU
		{E4E60A46-FB59-4284-A011-9299D6BD5263}.ForUnity|SteamScraper.ActiveCfg = Release|Any CPU
		{E4E60A46-FB59-4284-A011-9299D6BD5263}.ForUnity|SteamScraper.Build.0 = Release|Any CPU
		{E4E60A46-FB59-4284-A011-9299D6BD5263}.ForUnity|uzBuildingSystem.ActiveCfg = Release|Any CPU
		{E4E60A46-FB59-4284-A011-9299D6BD5263}.ForUnity|uzBuildingSystem.Build.0 = Release|Any CPU
		{E4E60A46-FB59-4284-A011-9299D6BD5263}.ForUnity|uzCraft.ActiveCfg = Release|Any CPU
		{E4E60A46-FB59-4284-A011-9299D6BD5263}.ForUnity|uzCraft.Build.0 = Release|Any CPU
		{E4E60A46-FB59-4284-A011-9299D6BD5263}.ForUnity|uzLib.ActiveCfg = Release|Any CPU
		{E4E60A46-FB59-4284-A011-9299D6BD5263}.ForUnity|uzLib.Build.0 = Release|Any CPU
		{E4E60A46-FB59-4284-A011-9299D6BD5263}.ForUnity|uzProceduralCityGen.ActiveCfg = ForUnityEditor|Any CPU
		{E4E60A46-FB59-4284-A011-9299D6BD5263}.ForUnity|uzProceduralCityGen.Build.0 = ForUnityEditor|Any CPU
		{E4E60A46-FB59-4284-A011-9299D6BD5263}.ForUnity|uzSourceToolkit.ActiveCfg = Release|Any CPU
		{E4E60A46-FB59-4284-A011-9299D6BD5263}.ForUnity|uzSourceToolkit.Build.0 = Release|Any CPU
		{E4E60A46-FB59-4284-A011-9299D6BD5263}.ForUnity|uzSurfaceMapper.ActiveCfg = Release|Any CPU
		{E4E60A46-FB59-4284-A011-9299D6BD5263}.ForUnity|uzSurfaceMapper.Build.0 = Release|Any CPU
		{E4E60A46-FB59-4284-A011-9299D6BD5263}.ForUnity|x64.ActiveCfg = ForUnityAsPackage|x64
		{E4E60A46-FB59-4284-A011-9299D6BD5263}.ForUnity|x64.Build.0 = ForUnityAsPackage|x64
		{E4E60A46-FB59-4284-A011-9299D6BD5263}.ForUnity|x86.ActiveCfg = ForUnityAsPackage|x86
		{E4E60A46-FB59-4284-A011-9299D6BD5263}.ForUnity|x86.Build.0 = ForUnityAsPackage|x86
		{E4E60A46-FB59-4284-A011-9299D6BD5263}.ForUnityAsPackage|Any CPU.ActiveCfg = ForUnityAsPackage|Any CPU
		{E4E60A46-FB59-4284-A011-9299D6BD5263}.ForUnityAsPackage|Any CPU.Build.0 = ForUnityAsPackage|Any CPU
		{E4E60A46-FB59-4284-A011-9299D6BD5263}.ForUnityAsPackage|SteamScraper.ActiveCfg = ForUnityAsPackage|Any CPU
		{E4E60A46-FB59-4284-A011-9299D6BD5263}.ForUnityAsPackage|SteamScraper.Build.0 = ForUnityAsPackage|Any CPU
		{E4E60A46-FB59-4284-A011-9299D6BD5263}.ForUnityAsPackage|uzBuildingSystem.ActiveCfg = ForUnityAsPackage|Any CPU
		{E4E60A46-FB59-4284-A011-9299D6BD5263}.ForUnityAsPackage|uzBuildingSystem.Build.0 = ForUnityAsPackage|Any CPU
		{E4E60A46-FB59-4284-A011-9299D6BD5263}.ForUnityAsPackage|uzCraft.ActiveCfg = ForUnityAsPackage|Any CPU
		{E4E60A46-FB59-4284-A011-9299D6BD5263}.ForUnityAsPackage|uzCraft.Build.0 = ForUnityAsPackage|Any CPU
		{E4E60A46-FB59-4284-A011-9299D6BD5263}.ForUnityAsPackage|uzLib.ActiveCfg = ForUnityAsPackage|Any CPU
		{E4E60A46-FB59-4284-A011-9299D6BD5263}.ForUnityAsPackage|uzLib.Build.0 = ForUnityAsPackage|Any CPU
		{E4E60A46-FB59-4284-A011-9299D6BD5263}.ForUnityAsPackage|uzProceduralCityGen.ActiveCfg = ForUnityAsPackage|Any CPU
		{E4E60A46-FB59-4284-A011-9299D6BD5263}.ForUnityAsPackage|uzProceduralCityGen.Build.0 = ForUnityAsPackage|Any CPU
		{E4E60A46-FB59-4284-A011-9299D6BD5263}.ForUnityAsPackage|uzSourceToolkit.ActiveCfg = ForUnityAsPackage|Any CPU
		{E4E60A46-FB59-4284-A011-9299D6BD5263}.ForUnityAsPackage|uzSourceToolkit.Build.0 = ForUnityAsPackage|Any CPU
		{E4E60A46-FB59-4284-A011-9299D6BD5263}.ForUnityAsPackage|uzSurfaceMapper.ActiveCfg = ForUnityAsPackage|Any CPU
		{E4E60A46-FB59-4284-A011-9299D6BD5263}.ForUnityAsPackage|uzSurfaceMapper.Build.0 = ForUnityAsPackage|Any CPU
		{E4E60A46-FB59-4284-A011-9299D6BD5263}.ForUnityAsPackage|x64.ActiveCfg = ForUnityAsPackage|x64
		{E4E60A46-FB59-4284-A011-9299D6BD5263}.ForUnityAsPackage|x64.Build.0 = ForUnityAsPackage|x64
		{E4E60A46-FB59-4284-A011-9299D6BD5263}.ForUnityAsPackage|x86.ActiveCfg = ForUnityAsPackage|x86
		{E4E60A46-FB59-4284-A011-9299D6BD5263}.ForUnityAsPackage|x86.Build.0 = ForUnityAsPackage|x86
		{E4E60A46-FB59-4284-A011-9299D6BD5263}.ForUnityEditor|Any CPU.ActiveCfg = ForUnityEditor|Any CPU
		{E4E60A46-FB59-4284-A011-9299D6BD5263}.ForUnityEditor|Any CPU.Build.0 = ForUnityEditor|Any CPU
		{E4E60A46-FB59-4284-A011-9299D6BD5263}.ForUnityEditor|SteamScraper.ActiveCfg = ForUnityEditor|Any CPU
		{E4E60A46-FB59-4284-A011-9299D6BD5263}.ForUnityEditor|SteamScraper.Build.0 = ForUnityEditor|Any CPU
		{E4E60A46-FB59-4284-A011-9299D6BD5263}.ForUnityEditor|uzBuildingSystem.ActiveCfg = ForUnityEditor|Any CPU
		{E4E60A46-FB59-4284-A011-9299D6BD5263}.ForUnityEditor|uzBuildingSystem.Build.0 = ForUnityEditor|Any CPU
		{E4E60A46-FB59-4284-A011-9299D6BD5263}.ForUnityEditor|uzCraft.ActiveCfg = ForUnityEditor|Any CPU
		{E4E60A46-FB59-4284-A011-9299D6BD5263}.ForUnityEditor|uzCraft.Build.0 = ForUnityEditor|Any CPU
		{E4E60A46-FB59-4284-A011-9299D6BD5263}.ForUnityEditor|uzLib.ActiveCfg = ForUnityEditor|Any CPU
		{E4E60A46-FB59-4284-A011-9299D6BD5263}.ForUnityEditor|uzLib.Build.0 = ForUnityEditor|Any CPU
		{E4E60A46-FB59-4284-A011-9299D6BD5263}.ForUnityEditor|uzProceduralCityGen.ActiveCfg = ForUnityEditor|Any CPU
		{E4E60A46-FB59-4284-A011-9299D6BD5263}.ForUnityEditor|uzProceduralCityGen.Build.0 = ForUnityEditor|Any CPU
		{E4E60A46-FB59-4284-A011-9299D6BD5263}.ForUnityEditor|uzSourceToolkit.ActiveCfg = ForUnityEditor|Any CPU
		{E4E60A46-FB59-4284-A011-9299D6BD5263}.ForUnityEditor|uzSourceToolkit.Build.0 = ForUnityEditor|Any CPU
		{E4E60A46-FB59-4284-A011-9299D6BD5263}.ForUnityEditor|uzSurfaceMapper.ActiveCfg = ForUnityEditor|Any CPU
		{E4E60A46-FB59-4284-A011-9299D6BD5263}.ForUnityEditor|uzSurfaceMapper.Build.0 = ForUnityEditor|Any CPU
		{E4E60A46-FB59-4284-A011-9299D6BD5263}.ForUnityEditor|x64.ActiveCfg = ForUnityEditor|x64
		{E4E60A46-FB59-4284-A011-9299D6BD5263}.ForUnityEditor|x64.Build.0 = ForUnityEditor|x64
		{E4E60A46-FB59-4284-A011-9299D6BD5263}.ForUnityEditor|x86.ActiveCfg = ForUnityEditor|x86
		{E4E60A46-FB59-4284-A011-9299D6BD5263}.ForUnityEditor|x86.Build.0 = ForUnityEditor|x86
		{E4E60A46-FB59-4284-A011-9299D6BD5263}.Release|Any CPU.ActiveCfg = Release|Any CPU
		{E4E60A46-FB59-4284-A011-9299D6BD5263}.Release|Any CPU.Build.0 = Release|Any CPU
		{E4E60A46-FB59-4284-A011-9299D6BD5263}.Release|SteamScraper.ActiveCfg = Release|Any CPU
		{E4E60A46-FB59-4284-A011-9299D6BD5263}.Release|SteamScraper.Build.0 = Release|Any CPU
		{E4E60A46-FB59-4284-A011-9299D6BD5263}.Release|uzBuildingSystem.ActiveCfg = Release|Any CPU
		{E4E60A46-FB59-4284-A011-9299D6BD5263}.Release|uzBuildingSystem.Build.0 = Release|Any CPU
		{E4E60A46-FB59-4284-A011-9299D6BD5263}.Release|uzCraft.ActiveCfg = Release|Any CPU
		{E4E60A46-FB59-4284-A011-9299D6BD5263}.Release|uzCraft.Build.0 = Release|Any CPU
		{E4E60A46-FB59-4284-A011-9299D6BD5263}.Release|uzLib.ActiveCfg = Release|Any CPU
		{E4E60A46-FB59-4284-A011-9299D6BD5263}.Release|uzLib.Build.0 = Release|Any CPU
		{E4E60A46-FB59-4284-A011-9299D6BD5263}.Release|uzProceduralCityGen.ActiveCfg = Release|Any CPU
		{E4E60A46-FB59-4284-A011-9299D6BD5263}.Release|uzProceduralCityGen.Build.0 = Release|Any CPU
		{E4E60A46-FB59-4284-A011-9299D6BD5263}.Release|uzSourceToolkit.ActiveCfg = Release|Any CPU
		{E4E60A46-FB59-4284-A011-9299D6BD5263}.Release|uzSourceToolkit.Build.0 = Release|Any CPU
		{E4E60A46-FB59-4284-A011-9299D6BD5263}.Release|uzSurfaceMapper.ActiveCfg = Release|Any CPU
		{E4E60A46-FB59-4284-A011-9299D6BD5263}.Release|uzSurfaceMapper.Build.0 = Release|Any CPU
		{E4E60A46-FB59-4284-A011-9299D6BD5263}.Release|x64.ActiveCfg = Release|x64
		{E4E60A46-FB59-4284-A011-9299D6BD5263}.Release|x64.Build.0 = Release|x64
		{E4E60A46-FB59-4284-A011-9299D6BD5263}.Release|x86.ActiveCfg = Release|x86
		{E4E60A46-FB59-4284-A011-9299D6BD5263}.Release|x86.Build.0 = Release|x86
		{D4DA84F9-521F-438B-9C70-7FE8F4D1F32A}.Debug|Any CPU.ActiveCfg = Debug|Any CPU
		{D4DA84F9-521F-438B-9C70-7FE8F4D1F32A}.Debug|Any CPU.Build.0 = Debug|Any CPU
		{D4DA84F9-521F-438B-9C70-7FE8F4D1F32A}.Debug|SteamScraper.ActiveCfg = Debug|SteamScraper
		{D4DA84F9-521F-438B-9C70-7FE8F4D1F32A}.Debug|SteamScraper.Build.0 = Debug|SteamScraper
		{D4DA84F9-521F-438B-9C70-7FE8F4D1F32A}.Debug|uzBuildingSystem.ActiveCfg = Debug|uzBuildingSystem
		{D4DA84F9-521F-438B-9C70-7FE8F4D1F32A}.Debug|uzBuildingSystem.Build.0 = Debug|uzBuildingSystem
		{D4DA84F9-521F-438B-9C70-7FE8F4D1F32A}.Debug|uzCraft.ActiveCfg = Debug|uzCraft
		{D4DA84F9-521F-438B-9C70-7FE8F4D1F32A}.Debug|uzCraft.Build.0 = Debug|uzCraft
		{D4DA84F9-521F-438B-9C70-7FE8F4D1F32A}.Debug|uzLib.ActiveCfg = Debug|Any CPU
		{D4DA84F9-521F-438B-9C70-7FE8F4D1F32A}.Debug|uzLib.Build.0 = Debug|Any CPU
		{D4DA84F9-521F-438B-9C70-7FE8F4D1F32A}.Debug|uzProceduralCityGen.ActiveCfg = Debug|uzProceduralCityGen
		{D4DA84F9-521F-438B-9C70-7FE8F4D1F32A}.Debug|uzProceduralCityGen.Build.0 = Debug|uzProceduralCityGen
		{D4DA84F9-521F-438B-9C70-7FE8F4D1F32A}.Debug|uzSourceToolkit.ActiveCfg = Debug|uzSourceToolkit
		{D4DA84F9-521F-438B-9C70-7FE8F4D1F32A}.Debug|uzSourceToolkit.Build.0 = Debug|uzSourceToolkit
		{D4DA84F9-521F-438B-9C70-7FE8F4D1F32A}.Debug|uzSurfaceMapper.ActiveCfg = Debug|uzSurfaceMapper
		{D4DA84F9-521F-438B-9C70-7FE8F4D1F32A}.Debug|uzSurfaceMapper.Build.0 = Debug|uzSurfaceMapper
		{D4DA84F9-521F-438B-9C70-7FE8F4D1F32A}.Debug|x64.ActiveCfg = Debug|x64
		{D4DA84F9-521F-438B-9C70-7FE8F4D1F32A}.Debug|x64.Build.0 = Debug|x64
		{D4DA84F9-521F-438B-9C70-7FE8F4D1F32A}.Debug|x86.ActiveCfg = Debug|x86
		{D4DA84F9-521F-438B-9C70-7FE8F4D1F32A}.Debug|x86.Build.0 = Debug|x86
		{D4DA84F9-521F-438B-9C70-7FE8F4D1F32A}.ForUnity|Any CPU.ActiveCfg = ForUnity|Any CPU
		{D4DA84F9-521F-438B-9C70-7FE8F4D1F32A}.ForUnity|Any CPU.Build.0 = ForUnity|Any CPU
		{D4DA84F9-521F-438B-9C70-7FE8F4D1F32A}.ForUnity|SteamScraper.ActiveCfg = ForUnity|SteamScraper
		{D4DA84F9-521F-438B-9C70-7FE8F4D1F32A}.ForUnity|SteamScraper.Build.0 = ForUnity|SteamScraper
		{D4DA84F9-521F-438B-9C70-7FE8F4D1F32A}.ForUnity|uzBuildingSystem.ActiveCfg = ForUnity|uzBuildingSystem
		{D4DA84F9-521F-438B-9C70-7FE8F4D1F32A}.ForUnity|uzBuildingSystem.Build.0 = ForUnity|uzBuildingSystem
		{D4DA84F9-521F-438B-9C70-7FE8F4D1F32A}.ForUnity|uzCraft.ActiveCfg = ForUnity|uzCraft
		{D4DA84F9-521F-438B-9C70-7FE8F4D1F32A}.ForUnity|uzCraft.Build.0 = ForUnity|uzCraft
		{D4DA84F9-521F-438B-9C70-7FE8F4D1F32A}.ForUnity|uzLib.ActiveCfg = ForUnity|Any CPU
		{D4DA84F9-521F-438B-9C70-7FE8F4D1F32A}.ForUnity|uzLib.Build.0 = ForUnity|Any CPU
		{D4DA84F9-521F-438B-9C70-7FE8F4D1F32A}.ForUnity|uzProceduralCityGen.ActiveCfg = ForUnity|uzProceduralCityGen
		{D4DA84F9-521F-438B-9C70-7FE8F4D1F32A}.ForUnity|uzProceduralCityGen.Build.0 = ForUnity|uzProceduralCityGen
		{D4DA84F9-521F-438B-9C70-7FE8F4D1F32A}.ForUnity|uzSourceToolkit.ActiveCfg = ForUnity|uzSourceToolkit
		{D4DA84F9-521F-438B-9C70-7FE8F4D1F32A}.ForUnity|uzSourceToolkit.Build.0 = ForUnity|uzSourceToolkit
		{D4DA84F9-521F-438B-9C70-7FE8F4D1F32A}.ForUnity|uzSurfaceMapper.ActiveCfg = ForUnity|uzSurfaceMapper
		{D4DA84F9-521F-438B-9C70-7FE8F4D1F32A}.ForUnity|uzSurfaceMapper.Build.0 = ForUnity|uzSurfaceMapper
		{D4DA84F9-521F-438B-9C70-7FE8F4D1F32A}.ForUnity|x64.ActiveCfg = ForUnity|x64
		{D4DA84F9-521F-438B-9C70-7FE8F4D1F32A}.ForUnity|x64.Build.0 = ForUnity|x64
		{D4DA84F9-521F-438B-9C70-7FE8F4D1F32A}.ForUnity|x86.ActiveCfg = ForUnity|x86
		{D4DA84F9-521F-438B-9C70-7FE8F4D1F32A}.ForUnity|x86.Build.0 = ForUnity|x86
		{D4DA84F9-521F-438B-9C70-7FE8F4D1F32A}.ForUnityAsPackage|Any CPU.ActiveCfg = ForUnityAsPackage|Any CPU
		{D4DA84F9-521F-438B-9C70-7FE8F4D1F32A}.ForUnityAsPackage|Any CPU.Build.0 = ForUnityAsPackage|Any CPU
		{D4DA84F9-521F-438B-9C70-7FE8F4D1F32A}.ForUnityAsPackage|SteamScraper.ActiveCfg = ForUnityAsPackage|Any CPU
		{D4DA84F9-521F-438B-9C70-7FE8F4D1F32A}.ForUnityAsPackage|SteamScraper.Build.0 = ForUnityAsPackage|Any CPU
		{D4DA84F9-521F-438B-9C70-7FE8F4D1F32A}.ForUnityAsPackage|uzBuildingSystem.ActiveCfg = ForUnityAsPackage|uzBuildingSystem
		{D4DA84F9-521F-438B-9C70-7FE8F4D1F32A}.ForUnityAsPackage|uzBuildingSystem.Build.0 = ForUnityAsPackage|uzBuildingSystem
		{D4DA84F9-521F-438B-9C70-7FE8F4D1F32A}.ForUnityAsPackage|uzCraft.ActiveCfg = ForUnityAsPackage|uzCraft
		{D4DA84F9-521F-438B-9C70-7FE8F4D1F32A}.ForUnityAsPackage|uzCraft.Build.0 = ForUnityAsPackage|uzCraft
		{D4DA84F9-521F-438B-9C70-7FE8F4D1F32A}.ForUnityAsPackage|uzLib.ActiveCfg = ForUnityAsPackage|Any CPU
		{D4DA84F9-521F-438B-9C70-7FE8F4D1F32A}.ForUnityAsPackage|uzLib.Build.0 = ForUnityAsPackage|Any CPU
		{D4DA84F9-521F-438B-9C70-7FE8F4D1F32A}.ForUnityAsPackage|uzProceduralCityGen.ActiveCfg = ForUnityAsPackage|uzProceduralCityGen
		{D4DA84F9-521F-438B-9C70-7FE8F4D1F32A}.ForUnityAsPackage|uzProceduralCityGen.Build.0 = ForUnityAsPackage|uzProceduralCityGen
		{D4DA84F9-521F-438B-9C70-7FE8F4D1F32A}.ForUnityAsPackage|uzSourceToolkit.ActiveCfg = ForUnityAsPackage|uzSourceToolkit
		{D4DA84F9-521F-438B-9C70-7FE8F4D1F32A}.ForUnityAsPackage|uzSourceToolkit.Build.0 = ForUnityAsPackage|uzSourceToolkit
		{D4DA84F9-521F-438B-9C70-7FE8F4D1F32A}.ForUnityAsPackage|uzSurfaceMapper.ActiveCfg = ForUnityAsPackage|uzSurfaceMapper
		{D4DA84F9-521F-438B-9C70-7FE8F4D1F32A}.ForUnityAsPackage|uzSurfaceMapper.Build.0 = ForUnityAsPackage|uzSurfaceMapper
		{D4DA84F9-521F-438B-9C70-7FE8F4D1F32A}.ForUnityAsPackage|x64.ActiveCfg = ForUnityAsPackage|x64
		{D4DA84F9-521F-438B-9C70-7FE8F4D1F32A}.ForUnityAsPackage|x64.Build.0 = ForUnityAsPackage|x64
		{D4DA84F9-521F-438B-9C70-7FE8F4D1F32A}.ForUnityAsPackage|x86.ActiveCfg = ForUnityAsPackage|x86
		{D4DA84F9-521F-438B-9C70-7FE8F4D1F32A}.ForUnityAsPackage|x86.Build.0 = ForUnityAsPackage|x86
		{D4DA84F9-521F-438B-9C70-7FE8F4D1F32A}.ForUnityEditor|Any CPU.ActiveCfg = ForUnityEditor|Any CPU
		{D4DA84F9-521F-438B-9C70-7FE8F4D1F32A}.ForUnityEditor|Any CPU.Build.0 = ForUnityEditor|Any CPU
		{D4DA84F9-521F-438B-9C70-7FE8F4D1F32A}.ForUnityEditor|SteamScraper.ActiveCfg = ForUnityEditor|Any CPU
		{D4DA84F9-521F-438B-9C70-7FE8F4D1F32A}.ForUnityEditor|SteamScraper.Build.0 = ForUnityEditor|Any CPU
		{D4DA84F9-521F-438B-9C70-7FE8F4D1F32A}.ForUnityEditor|uzBuildingSystem.ActiveCfg = ForUnityEditor|uzBuildingSystem
		{D4DA84F9-521F-438B-9C70-7FE8F4D1F32A}.ForUnityEditor|uzBuildingSystem.Build.0 = ForUnityEditor|uzBuildingSystem
		{D4DA84F9-521F-438B-9C70-7FE8F4D1F32A}.ForUnityEditor|uzCraft.ActiveCfg = ForUnityEditor|uzCraft
		{D4DA84F9-521F-438B-9C70-7FE8F4D1F32A}.ForUnityEditor|uzCraft.Build.0 = ForUnityEditor|uzCraft
		{D4DA84F9-521F-438B-9C70-7FE8F4D1F32A}.ForUnityEditor|uzLib.ActiveCfg = ForUnityEditor|Any CPU
		{D4DA84F9-521F-438B-9C70-7FE8F4D1F32A}.ForUnityEditor|uzLib.Build.0 = ForUnityEditor|Any CPU
		{D4DA84F9-521F-438B-9C70-7FE8F4D1F32A}.ForUnityEditor|uzProceduralCityGen.ActiveCfg = ForUnityEditor|uzProceduralCityGen
		{D4DA84F9-521F-438B-9C70-7FE8F4D1F32A}.ForUnityEditor|uzProceduralCityGen.Build.0 = ForUnityEditor|uzProceduralCityGen
		{D4DA84F9-521F-438B-9C70-7FE8F4D1F32A}.ForUnityEditor|uzSourceToolkit.ActiveCfg = ForUnityEditor|uzSourceToolkit
		{D4DA84F9-521F-438B-9C70-7FE8F4D1F32A}.ForUnityEditor|uzSourceToolkit.Build.0 = ForUnityEditor|uzSourceToolkit
		{D4DA84F9-521F-438B-9C70-7FE8F4D1F32A}.ForUnityEditor|uzSurfaceMapper.ActiveCfg = ForUnityEditor|uzSurfaceMapper
		{D4DA84F9-521F-438B-9C70-7FE8F4D1F32A}.ForUnityEditor|uzSurfaceMapper.Build.0 = ForUnityEditor|uzSurfaceMapper
		{D4DA84F9-521F-438B-9C70-7FE8F4D1F32A}.ForUnityEditor|x64.ActiveCfg = ForUnityEditor|x64
		{D4DA84F9-521F-438B-9C70-7FE8F4D1F32A}.ForUnityEditor|x64.Build.0 = ForUnityEditor|x64
		{D4DA84F9-521F-438B-9C70-7FE8F4D1F32A}.ForUnityEditor|x86.ActiveCfg = ForUnityEditor|x86
		{D4DA84F9-521F-438B-9C70-7FE8F4D1F32A}.ForUnityEditor|x86.Build.0 = ForUnityEditor|x86
		{D4DA84F9-521F-438B-9C70-7FE8F4D1F32A}.Release|Any CPU.ActiveCfg = Release|Any CPU
		{D4DA84F9-521F-438B-9C70-7FE8F4D1F32A}.Release|Any CPU.Build.0 = Release|Any CPU
		{D4DA84F9-521F-438B-9C70-7FE8F4D1F32A}.Release|SteamScraper.ActiveCfg = Release|Any CPU
		{D4DA84F9-521F-438B-9C70-7FE8F4D1F32A}.Release|SteamScraper.Build.0 = Release|Any CPU
		{D4DA84F9-521F-438B-9C70-7FE8F4D1F32A}.Release|uzBuildingSystem.ActiveCfg = Release|uzBuildingSystem
		{D4DA84F9-521F-438B-9C70-7FE8F4D1F32A}.Release|uzBuildingSystem.Build.0 = Release|uzBuildingSystem
		{D4DA84F9-521F-438B-9C70-7FE8F4D1F32A}.Release|uzCraft.ActiveCfg = Release|uzCraft
		{D4DA84F9-521F-438B-9C70-7FE8F4D1F32A}.Release|uzCraft.Build.0 = Release|uzCraft
		{D4DA84F9-521F-438B-9C70-7FE8F4D1F32A}.Release|uzLib.ActiveCfg = Release|Any CPU
		{D4DA84F9-521F-438B-9C70-7FE8F4D1F32A}.Release|uzLib.Build.0 = Release|Any CPU
		{D4DA84F9-521F-438B-9C70-7FE8F4D1F32A}.Release|uzProceduralCityGen.ActiveCfg = Release|uzProceduralCityGen
		{D4DA84F9-521F-438B-9C70-7FE8F4D1F32A}.Release|uzProceduralCityGen.Build.0 = Release|uzProceduralCityGen
		{D4DA84F9-521F-438B-9C70-7FE8F4D1F32A}.Release|uzSourceToolkit.ActiveCfg = Release|uzSourceToolkit
		{D4DA84F9-521F-438B-9C70-7FE8F4D1F32A}.Release|uzSourceToolkit.Build.0 = Release|uzSourceToolkit
		{D4DA84F9-521F-438B-9C70-7FE8F4D1F32A}.Release|uzSurfaceMapper.ActiveCfg = Release|uzSurfaceMapper
		{D4DA84F9-521F-438B-9C70-7FE8F4D1F32A}.Release|uzSurfaceMapper.Build.0 = Release|uzSurfaceMapper
		{D4DA84F9-521F-438B-9C70-7FE8F4D1F32A}.Release|x64.ActiveCfg = Release|x64
		{D4DA84F9-521F-438B-9C70-7FE8F4D1F32A}.Release|x64.Build.0 = Release|x64
		{D4DA84F9-521F-438B-9C70-7FE8F4D1F32A}.Release|x86.ActiveCfg = Release|x86
		{D4DA84F9-521F-438B-9C70-7FE8F4D1F32A}.Release|x86.Build.0 = Release|x86
		{72A4023F-322F-4C55-BFCA-659DCE329BFB}.Debug|Any CPU.ActiveCfg = Debug|Any CPU
		{72A4023F-322F-4C55-BFCA-659DCE329BFB}.Debug|Any CPU.Build.0 = Debug|Any CPU
		{72A4023F-322F-4C55-BFCA-659DCE329BFB}.Debug|SteamScraper.ActiveCfg = Debug|Any CPU
		{72A4023F-322F-4C55-BFCA-659DCE329BFB}.Debug|SteamScraper.Build.0 = Debug|Any CPU
		{72A4023F-322F-4C55-BFCA-659DCE329BFB}.Debug|uzBuildingSystem.ActiveCfg = Debug|Any CPU
		{72A4023F-322F-4C55-BFCA-659DCE329BFB}.Debug|uzBuildingSystem.Build.0 = Debug|Any CPU
		{72A4023F-322F-4C55-BFCA-659DCE329BFB}.Debug|uzCraft.ActiveCfg = Debug|Any CPU
		{72A4023F-322F-4C55-BFCA-659DCE329BFB}.Debug|uzCraft.Build.0 = Debug|Any CPU
		{72A4023F-322F-4C55-BFCA-659DCE329BFB}.Debug|uzLib.ActiveCfg = Debug|Any CPU
		{72A4023F-322F-4C55-BFCA-659DCE329BFB}.Debug|uzLib.Build.0 = Debug|Any CPU
		{72A4023F-322F-4C55-BFCA-659DCE329BFB}.Debug|uzProceduralCityGen.ActiveCfg = Debug|Any CPU
		{72A4023F-322F-4C55-BFCA-659DCE329BFB}.Debug|uzProceduralCityGen.Build.0 = Debug|Any CPU
		{72A4023F-322F-4C55-BFCA-659DCE329BFB}.Debug|uzSourceToolkit.ActiveCfg = Debug|Any CPU
		{72A4023F-322F-4C55-BFCA-659DCE329BFB}.Debug|uzSourceToolkit.Build.0 = Debug|Any CPU
		{72A4023F-322F-4C55-BFCA-659DCE329BFB}.Debug|uzSurfaceMapper.ActiveCfg = Debug|Any CPU
		{72A4023F-322F-4C55-BFCA-659DCE329BFB}.Debug|uzSurfaceMapper.Build.0 = Debug|Any CPU
		{72A4023F-322F-4C55-BFCA-659DCE329BFB}.Debug|x64.ActiveCfg = Debug|Any CPU
		{72A4023F-322F-4C55-BFCA-659DCE329BFB}.Debug|x64.Build.0 = Debug|Any CPU
		{72A4023F-322F-4C55-BFCA-659DCE329BFB}.Debug|x86.ActiveCfg = Debug|Any CPU
		{72A4023F-322F-4C55-BFCA-659DCE329BFB}.Debug|x86.Build.0 = Debug|Any CPU
		{72A4023F-322F-4C55-BFCA-659DCE329BFB}.ForUnity|Any CPU.ActiveCfg = Release|Any CPU
		{72A4023F-322F-4C55-BFCA-659DCE329BFB}.ForUnity|Any CPU.Build.0 = Release|Any CPU
		{72A4023F-322F-4C55-BFCA-659DCE329BFB}.ForUnity|SteamScraper.ActiveCfg = Release|Any CPU
		{72A4023F-322F-4C55-BFCA-659DCE329BFB}.ForUnity|SteamScraper.Build.0 = Release|Any CPU
		{72A4023F-322F-4C55-BFCA-659DCE329BFB}.ForUnity|uzBuildingSystem.ActiveCfg = Release|Any CPU
		{72A4023F-322F-4C55-BFCA-659DCE329BFB}.ForUnity|uzBuildingSystem.Build.0 = Release|Any CPU
		{72A4023F-322F-4C55-BFCA-659DCE329BFB}.ForUnity|uzCraft.ActiveCfg = Release|Any CPU
		{72A4023F-322F-4C55-BFCA-659DCE329BFB}.ForUnity|uzCraft.Build.0 = Release|Any CPU
		{72A4023F-322F-4C55-BFCA-659DCE329BFB}.ForUnity|uzLib.ActiveCfg = Release|Any CPU
		{72A4023F-322F-4C55-BFCA-659DCE329BFB}.ForUnity|uzLib.Build.0 = Release|Any CPU
		{72A4023F-322F-4C55-BFCA-659DCE329BFB}.ForUnity|uzProceduralCityGen.ActiveCfg = Release|Any CPU
		{72A4023F-322F-4C55-BFCA-659DCE329BFB}.ForUnity|uzProceduralCityGen.Build.0 = Release|Any CPU
		{72A4023F-322F-4C55-BFCA-659DCE329BFB}.ForUnity|uzSourceToolkit.ActiveCfg = Release|Any CPU
		{72A4023F-322F-4C55-BFCA-659DCE329BFB}.ForUnity|uzSourceToolkit.Build.0 = Release|Any CPU
		{72A4023F-322F-4C55-BFCA-659DCE329BFB}.ForUnity|uzSurfaceMapper.ActiveCfg = Release|Any CPU
		{72A4023F-322F-4C55-BFCA-659DCE329BFB}.ForUnity|uzSurfaceMapper.Build.0 = Release|Any CPU
		{72A4023F-322F-4C55-BFCA-659DCE329BFB}.ForUnity|x64.ActiveCfg = Release|Any CPU
		{72A4023F-322F-4C55-BFCA-659DCE329BFB}.ForUnity|x64.Build.0 = Release|Any CPU
		{72A4023F-322F-4C55-BFCA-659DCE329BFB}.ForUnity|x86.ActiveCfg = Release|Any CPU
		{72A4023F-322F-4C55-BFCA-659DCE329BFB}.ForUnity|x86.Build.0 = Release|Any CPU
		{72A4023F-322F-4C55-BFCA-659DCE329BFB}.ForUnityAsPackage|Any CPU.ActiveCfg = Release|Any CPU
		{72A4023F-322F-4C55-BFCA-659DCE329BFB}.ForUnityAsPackage|Any CPU.Build.0 = Release|Any CPU
		{72A4023F-322F-4C55-BFCA-659DCE329BFB}.ForUnityAsPackage|SteamScraper.ActiveCfg = Release|Any CPU
		{72A4023F-322F-4C55-BFCA-659DCE329BFB}.ForUnityAsPackage|SteamScraper.Build.0 = Release|Any CPU
		{72A4023F-322F-4C55-BFCA-659DCE329BFB}.ForUnityAsPackage|uzBuildingSystem.ActiveCfg = Release|Any CPU
		{72A4023F-322F-4C55-BFCA-659DCE329BFB}.ForUnityAsPackage|uzBuildingSystem.Build.0 = Release|Any CPU
		{72A4023F-322F-4C55-BFCA-659DCE329BFB}.ForUnityAsPackage|uzCraft.ActiveCfg = Release|Any CPU
		{72A4023F-322F-4C55-BFCA-659DCE329BFB}.ForUnityAsPackage|uzCraft.Build.0 = Release|Any CPU
		{72A4023F-322F-4C55-BFCA-659DCE329BFB}.ForUnityAsPackage|uzLib.ActiveCfg = Release|Any CPU
		{72A4023F-322F-4C55-BFCA-659DCE329BFB}.ForUnityAsPackage|uzLib.Build.0 = Release|Any CPU
		{72A4023F-322F-4C55-BFCA-659DCE329BFB}.ForUnityAsPackage|uzProceduralCityGen.ActiveCfg = Release|Any CPU
		{72A4023F-322F-4C55-BFCA-659DCE329BFB}.ForUnityAsPackage|uzProceduralCityGen.Build.0 = Release|Any CPU
		{72A4023F-322F-4C55-BFCA-659DCE329BFB}.ForUnityAsPackage|uzSourceToolkit.ActiveCfg = Release|Any CPU
		{72A4023F-322F-4C55-BFCA-659DCE329BFB}.ForUnityAsPackage|uzSourceToolkit.Build.0 = Release|Any CPU
		{72A4023F-322F-4C55-BFCA-659DCE329BFB}.ForUnityAsPackage|uzSurfaceMapper.ActiveCfg = Release|Any CPU
		{72A4023F-322F-4C55-BFCA-659DCE329BFB}.ForUnityAsPackage|uzSurfaceMapper.Build.0 = Release|Any CPU
		{72A4023F-322F-4C55-BFCA-659DCE329BFB}.ForUnityAsPackage|x64.ActiveCfg = Release|Any CPU
		{72A4023F-322F-4C55-BFCA-659DCE329BFB}.ForUnityAsPackage|x64.Build.0 = Release|Any CPU
		{72A4023F-322F-4C55-BFCA-659DCE329BFB}.ForUnityAsPackage|x86.ActiveCfg = Release|Any CPU
		{72A4023F-322F-4C55-BFCA-659DCE329BFB}.ForUnityAsPackage|x86.Build.0 = Release|Any CPU
		{72A4023F-322F-4C55-BFCA-659DCE329BFB}.ForUnityEditor|Any CPU.ActiveCfg = Release|Any CPU
		{72A4023F-322F-4C55-BFCA-659DCE329BFB}.ForUnityEditor|Any CPU.Build.0 = Release|Any CPU
		{72A4023F-322F-4C55-BFCA-659DCE329BFB}.ForUnityEditor|SteamScraper.ActiveCfg = Release|Any CPU
		{72A4023F-322F-4C55-BFCA-659DCE329BFB}.ForUnityEditor|SteamScraper.Build.0 = Release|Any CPU
		{72A4023F-322F-4C55-BFCA-659DCE329BFB}.ForUnityEditor|uzBuildingSystem.ActiveCfg = Release|Any CPU
		{72A4023F-322F-4C55-BFCA-659DCE329BFB}.ForUnityEditor|uzBuildingSystem.Build.0 = Release|Any CPU
		{72A4023F-322F-4C55-BFCA-659DCE329BFB}.ForUnityEditor|uzCraft.ActiveCfg = Release|Any CPU
		{72A4023F-322F-4C55-BFCA-659DCE329BFB}.ForUnityEditor|uzCraft.Build.0 = Release|Any CPU
		{72A4023F-322F-4C55-BFCA-659DCE329BFB}.ForUnityEditor|uzLib.ActiveCfg = Release|Any CPU
		{72A4023F-322F-4C55-BFCA-659DCE329BFB}.ForUnityEditor|uzLib.Build.0 = Release|Any CPU
		{72A4023F-322F-4C55-BFCA-659DCE329BFB}.ForUnityEditor|uzProceduralCityGen.ActiveCfg = Release|Any CPU
		{72A4023F-322F-4C55-BFCA-659DCE329BFB}.ForUnityEditor|uzProceduralCityGen.Build.0 = Release|Any CPU
		{72A4023F-322F-4C55-BFCA-659DCE329BFB}.ForUnityEditor|uzSourceToolkit.ActiveCfg = Release|Any CPU
		{72A4023F-322F-4C55-BFCA-659DCE329BFB}.ForUnityEditor|uzSourceToolkit.Build.0 = Release|Any CPU
		{72A4023F-322F-4C55-BFCA-659DCE329BFB}.ForUnityEditor|uzSurfaceMapper.ActiveCfg = Release|Any CPU
		{72A4023F-322F-4C55-BFCA-659DCE329BFB}.ForUnityEditor|uzSurfaceMapper.Build.0 = Release|Any CPU
		{72A4023F-322F-4C55-BFCA-659DCE329BFB}.ForUnityEditor|x64.ActiveCfg = Release|Any CPU
		{72A4023F-322F-4C55-BFCA-659DCE329BFB}.ForUnityEditor|x64.Build.0 = Release|Any CPU
		{72A4023F-322F-4C55-BFCA-659DCE329BFB}.ForUnityEditor|x86.ActiveCfg = Release|Any CPU
		{72A4023F-322F-4C55-BFCA-659DCE329BFB}.ForUnityEditor|x86.Build.0 = Release|Any CPU
		{72A4023F-322F-4C55-BFCA-659DCE329BFB}.Release|Any CPU.ActiveCfg = Release|Any CPU
		{72A4023F-322F-4C55-BFCA-659DCE329BFB}.Release|Any CPU.Build.0 = Release|Any CPU
		{72A4023F-322F-4C55-BFCA-659DCE329BFB}.Release|SteamScraper.ActiveCfg = Release|Any CPU
		{72A4023F-322F-4C55-BFCA-659DCE329BFB}.Release|SteamScraper.Build.0 = Release|Any CPU
		{72A4023F-322F-4C55-BFCA-659DCE329BFB}.Release|uzBuildingSystem.ActiveCfg = Release|Any CPU
		{72A4023F-322F-4C55-BFCA-659DCE329BFB}.Release|uzBuildingSystem.Build.0 = Release|Any CPU
		{72A4023F-322F-4C55-BFCA-659DCE329BFB}.Release|uzCraft.ActiveCfg = Release|Any CPU
		{72A4023F-322F-4C55-BFCA-659DCE329BFB}.Release|uzCraft.Build.0 = Release|Any CPU
		{72A4023F-322F-4C55-BFCA-659DCE329BFB}.Release|uzLib.ActiveCfg = Release|Any CPU
		{72A4023F-322F-4C55-BFCA-659DCE329BFB}.Release|uzLib.Build.0 = Release|Any CPU
		{72A4023F-322F-4C55-BFCA-659DCE329BFB}.Release|uzProceduralCityGen.ActiveCfg = Release|Any CPU
		{72A4023F-322F-4C55-BFCA-659DCE329BFB}.Release|uzProceduralCityGen.Build.0 = Release|Any CPU
		{72A4023F-322F-4C55-BFCA-659DCE329BFB}.Release|uzSourceToolkit.ActiveCfg = Release|Any CPU
		{72A4023F-322F-4C55-BFCA-659DCE329BFB}.Release|uzSourceToolkit.Build.0 = Release|Any CPU
		{72A4023F-322F-4C55-BFCA-659DCE329BFB}.Release|uzSurfaceMapper.ActiveCfg = Release|Any CPU
		{72A4023F-322F-4C55-BFCA-659DCE329BFB}.Release|uzSurfaceMapper.Build.0 = Release|Any CPU
		{72A4023F-322F-4C55-BFCA-659DCE329BFB}.Release|x64.ActiveCfg = Release|Any CPU
		{72A4023F-322F-4C55-BFCA-659DCE329BFB}.Release|x64.Build.0 = Release|Any CPU
		{72A4023F-322F-4C55-BFCA-659DCE329BFB}.Release|x86.ActiveCfg = Release|Any CPU
		{72A4023F-322F-4C55-BFCA-659DCE329BFB}.Release|x86.Build.0 = Release|Any CPU
	EndGlobalSection
	GlobalSection(SolutionProperties) = preSolution
		HideSolutionNode = FALSE
	EndGlobalSection
	GlobalSection(ExtensibilityGlobals) = postSolution
		SolutionGuid = {908FCC7E-3CE7-4C54-9217-318A6028D159}
	EndGlobalSection
EndGlobal
