Microsoft Visual Studio Solution File, Format Version 12.00
# Visual Studio 15
VisualStudioVersion = 15.0.27130.2026
MinimumVisualStudioVersion = 10.0.40219.1
Project("{FAE04EC0-301F-11D3-BF4B-00C04F79EFBC}") = "uzLib.Lite", "uzLib.Lite\uzLib.Lite.csproj", "{D4DA84F9-521F-438B-9C70-7FE8F4D1F32A}"
EndProject
Project("{FAE04EC0-301F-11D3-BF4B-00C04F79EFBC}") = "uzLib.Lite.Tests", "uzLib.Lite.Tests\uzLib.Lite.Tests.csproj", "{E1B1E24E-984C-4ADB-8703-27FD6CA4223E}"
EndProject
Project("{FAE04EC0-301F-11D3-BF4B-00C04F79EFBC}") = "uzLib.Lite.UnityEditor", "uzLib.Lite.UnityEditor\uzLib.Lite.UnityEditor.csproj", "{45D1C456-50EF-412E-B533-792862A1FFEA}"
EndProject
Project("{FAE04EC0-301F-11D3-BF4B-00C04F79EFBC}") = "uzLib.Lite.ExternalCode", "uzLib.Lite.ExternalCode\uzLib.Lite.ExternalCode.csproj", "{FCE02434-F560-4D30-9D8C-F7BBA0EDC36F}"
EndProject
Project("{FAE04EC0-301F-11D3-BF4B-00C04F79EFBC}") = "uzLib.Lite.AfterBuild", "uzLib.Lite.AfterBuild\uzLib.Lite.AfterBuild.csproj", "{E4E60A46-FB59-4284-A011-9299D6BD5263}"
EndProject
Global
	GlobalSection(SolutionConfigurationPlatforms) = preSolution
		Debug|Any CPU = Debug|Any CPU
		Debug|uzBuildingSystem = Debug|uzBuildingSystem
		Debug|uzCraft = Debug|uzCraft
		Debug|uzLib = Debug|uzLib
		Debug|uzSourceToolkit = Debug|uzSourceToolkit
		Debug|uzSurfaceMapper = Debug|uzSurfaceMapper
		Debug|x64 = Debug|x64
		Debug|x86 = Debug|x86
		ForUnity|Any CPU = ForUnity|Any CPU
		ForUnity|uzBuildingSystem = ForUnity|uzBuildingSystem
		ForUnity|uzCraft = ForUnity|uzCraft
		ForUnity|uzLib = ForUnity|uzLib
		ForUnity|uzSourceToolkit = ForUnity|uzSourceToolkit
		ForUnity|uzSurfaceMapper = ForUnity|uzSurfaceMapper
		ForUnity|x64 = ForUnity|x64
		ForUnity|x86 = ForUnity|x86
		ForUnityAsPackage|Any CPU = ForUnityAsPackage|Any CPU
		ForUnityAsPackage|uzBuildingSystem = ForUnityAsPackage|uzBuildingSystem
		ForUnityAsPackage|uzCraft = ForUnityAsPackage|uzCraft
		ForUnityAsPackage|uzLib = ForUnityAsPackage|uzLib
		ForUnityAsPackage|uzSourceToolkit = ForUnityAsPackage|uzSourceToolkit
		ForUnityAsPackage|uzSurfaceMapper = ForUnityAsPackage|uzSurfaceMapper
		ForUnityAsPackage|x64 = ForUnityAsPackage|x64
		ForUnityAsPackage|x86 = ForUnityAsPackage|x86
		ForUnityEditor|Any CPU = ForUnityEditor|Any CPU
		ForUnityEditor|uzBuildingSystem = ForUnityEditor|uzBuildingSystem
		ForUnityEditor|uzCraft = ForUnityEditor|uzCraft
		ForUnityEditor|uzLib = ForUnityEditor|uzLib
		ForUnityEditor|uzSourceToolkit = ForUnityEditor|uzSourceToolkit
		ForUnityEditor|uzSurfaceMapper = ForUnityEditor|uzSurfaceMapper
		ForUnityEditor|x64 = ForUnityEditor|x64
		ForUnityEditor|x86 = ForUnityEditor|x86
		Release|Any CPU = Release|Any CPU
		Release|uzBuildingSystem = Release|uzBuildingSystem
		Release|uzCraft = Release|uzCraft
		Release|uzLib = Release|uzLib
		Release|uzSourceToolkit = Release|uzSourceToolkit
		Release|uzSurfaceMapper = Release|uzSurfaceMapper
		Release|x64 = Release|x64
		Release|x86 = Release|x86
	EndGlobalSection
	GlobalSection(ProjectConfigurationPlatforms) = postSolution
		{D4DA84F9-521F-438B-9C70-7FE8F4D1F32A}.Debug|Any CPU.ActiveCfg = Debug|Any CPU
		{D4DA84F9-521F-438B-9C70-7FE8F4D1F32A}.Debug|Any CPU.Build.0 = Debug|Any CPU
		{D4DA84F9-521F-438B-9C70-7FE8F4D1F32A}.Debug|uzBuildingSystem.ActiveCfg = Debug|Any CPU
		{D4DA84F9-521F-438B-9C70-7FE8F4D1F32A}.Debug|uzBuildingSystem.Build.0 = Debug|Any CPU
		{D4DA84F9-521F-438B-9C70-7FE8F4D1F32A}.Debug|uzCraft.ActiveCfg = Debug|Any CPU
		{D4DA84F9-521F-438B-9C70-7FE8F4D1F32A}.Debug|uzCraft.Build.0 = Debug|Any CPU
		{D4DA84F9-521F-438B-9C70-7FE8F4D1F32A}.Debug|uzLib.ActiveCfg = Debug|Any CPU
		{D4DA84F9-521F-438B-9C70-7FE8F4D1F32A}.Debug|uzLib.Build.0 = Debug|Any CPU
		{D4DA84F9-521F-438B-9C70-7FE8F4D1F32A}.Debug|uzSourceToolkit.ActiveCfg = Debug|Any CPU
		{D4DA84F9-521F-438B-9C70-7FE8F4D1F32A}.Debug|uzSourceToolkit.Build.0 = Debug|Any CPU
		{D4DA84F9-521F-438B-9C70-7FE8F4D1F32A}.Debug|uzSurfaceMapper.ActiveCfg = Debug|Any CPU
		{D4DA84F9-521F-438B-9C70-7FE8F4D1F32A}.Debug|uzSurfaceMapper.Build.0 = Debug|Any CPU
		{D4DA84F9-521F-438B-9C70-7FE8F4D1F32A}.Debug|x64.ActiveCfg = Debug|x64
		{D4DA84F9-521F-438B-9C70-7FE8F4D1F32A}.Debug|x64.Build.0 = Debug|x64
		{D4DA84F9-521F-438B-9C70-7FE8F4D1F32A}.Debug|x86.ActiveCfg = Debug|x86
		{D4DA84F9-521F-438B-9C70-7FE8F4D1F32A}.Debug|x86.Build.0 = Debug|x86
		{D4DA84F9-521F-438B-9C70-7FE8F4D1F32A}.ForUnity|Any CPU.ActiveCfg = ForUnity|uzSourceToolkit
		{D4DA84F9-521F-438B-9C70-7FE8F4D1F32A}.ForUnity|Any CPU.Build.0 = ForUnity|uzSourceToolkit
		{D4DA84F9-521F-438B-9C70-7FE8F4D1F32A}.ForUnity|uzBuildingSystem.ActiveCfg = ForUnity|uzSourceToolkit
		{D4DA84F9-521F-438B-9C70-7FE8F4D1F32A}.ForUnity|uzBuildingSystem.Build.0 = ForUnity|uzSourceToolkit
		{D4DA84F9-521F-438B-9C70-7FE8F4D1F32A}.ForUnity|uzCraft.ActiveCfg = ForUnity|uzSourceToolkit
		{D4DA84F9-521F-438B-9C70-7FE8F4D1F32A}.ForUnity|uzCraft.Build.0 = ForUnity|uzSourceToolkit
		{D4DA84F9-521F-438B-9C70-7FE8F4D1F32A}.ForUnity|uzLib.ActiveCfg = ForUnity|uzSourceToolkit
		{D4DA84F9-521F-438B-9C70-7FE8F4D1F32A}.ForUnity|uzLib.Build.0 = ForUnity|uzSourceToolkit
		{D4DA84F9-521F-438B-9C70-7FE8F4D1F32A}.ForUnity|uzSourceToolkit.ActiveCfg = ForUnity|uzSourceToolkit
		{D4DA84F9-521F-438B-9C70-7FE8F4D1F32A}.ForUnity|uzSourceToolkit.Build.0 = ForUnity|uzSourceToolkit
		{D4DA84F9-521F-438B-9C70-7FE8F4D1F32A}.ForUnity|uzSurfaceMapper.ActiveCfg = ForUnity|uzSourceToolkit
		{D4DA84F9-521F-438B-9C70-7FE8F4D1F32A}.ForUnity|uzSurfaceMapper.Build.0 = ForUnity|uzSourceToolkit
		{D4DA84F9-521F-438B-9C70-7FE8F4D1F32A}.ForUnity|x64.ActiveCfg = ForUnity|x64
		{D4DA84F9-521F-438B-9C70-7FE8F4D1F32A}.ForUnity|x64.Build.0 = ForUnity|x64
		{D4DA84F9-521F-438B-9C70-7FE8F4D1F32A}.ForUnity|x86.ActiveCfg = ForUnity|x86
		{D4DA84F9-521F-438B-9C70-7FE8F4D1F32A}.ForUnity|x86.Build.0 = ForUnity|x86
		{D4DA84F9-521F-438B-9C70-7FE8F4D1F32A}.ForUnityAsPackage|Any CPU.ActiveCfg = ForUnityAsPackage|Any CPU
		{D4DA84F9-521F-438B-9C70-7FE8F4D1F32A}.ForUnityAsPackage|Any CPU.Build.0 = ForUnityAsPackage|Any CPU
		{D4DA84F9-521F-438B-9C70-7FE8F4D1F32A}.ForUnityAsPackage|uzBuildingSystem.ActiveCfg = ForUnityAsPackage|Any CPU
		{D4DA84F9-521F-438B-9C70-7FE8F4D1F32A}.ForUnityAsPackage|uzBuildingSystem.Build.0 = ForUnityAsPackage|Any CPU
		{D4DA84F9-521F-438B-9C70-7FE8F4D1F32A}.ForUnityAsPackage|uzCraft.ActiveCfg = ForUnityAsPackage|Any CPU
		{D4DA84F9-521F-438B-9C70-7FE8F4D1F32A}.ForUnityAsPackage|uzCraft.Build.0 = ForUnityAsPackage|Any CPU
		{D4DA84F9-521F-438B-9C70-7FE8F4D1F32A}.ForUnityAsPackage|uzLib.ActiveCfg = ForUnityAsPackage|Any CPU
		{D4DA84F9-521F-438B-9C70-7FE8F4D1F32A}.ForUnityAsPackage|uzLib.Build.0 = ForUnityAsPackage|Any CPU
		{D4DA84F9-521F-438B-9C70-7FE8F4D1F32A}.ForUnityAsPackage|uzSourceToolkit.ActiveCfg = ForUnityAsPackage|Any CPU
		{D4DA84F9-521F-438B-9C70-7FE8F4D1F32A}.ForUnityAsPackage|uzSourceToolkit.Build.0 = ForUnityAsPackage|Any CPU
		{D4DA84F9-521F-438B-9C70-7FE8F4D1F32A}.ForUnityAsPackage|uzSurfaceMapper.ActiveCfg = ForUnityAsPackage|Any CPU
		{D4DA84F9-521F-438B-9C70-7FE8F4D1F32A}.ForUnityAsPackage|uzSurfaceMapper.Build.0 = ForUnityAsPackage|Any CPU
		{D4DA84F9-521F-438B-9C70-7FE8F4D1F32A}.ForUnityAsPackage|x64.ActiveCfg = ForUnityAsPackage|x64
		{D4DA84F9-521F-438B-9C70-7FE8F4D1F32A}.ForUnityAsPackage|x64.Build.0 = ForUnityAsPackage|x64
		{D4DA84F9-521F-438B-9C70-7FE8F4D1F32A}.ForUnityAsPackage|x86.ActiveCfg = ForUnityAsPackage|x86
		{D4DA84F9-521F-438B-9C70-7FE8F4D1F32A}.ForUnityAsPackage|x86.Build.0 = ForUnityAsPackage|x86
		{D4DA84F9-521F-438B-9C70-7FE8F4D1F32A}.ForUnityEditor|Any CPU.ActiveCfg = ForUnityEditor|Any CPU
		{D4DA84F9-521F-438B-9C70-7FE8F4D1F32A}.ForUnityEditor|Any CPU.Build.0 = ForUnityEditor|Any CPU
		{D4DA84F9-521F-438B-9C70-7FE8F4D1F32A}.ForUnityEditor|uzBuildingSystem.ActiveCfg = ForUnityEditor|Any CPU
		{D4DA84F9-521F-438B-9C70-7FE8F4D1F32A}.ForUnityEditor|uzBuildingSystem.Build.0 = ForUnityEditor|Any CPU
		{D4DA84F9-521F-438B-9C70-7FE8F4D1F32A}.ForUnityEditor|uzCraft.ActiveCfg = ForUnityEditor|Any CPU
		{D4DA84F9-521F-438B-9C70-7FE8F4D1F32A}.ForUnityEditor|uzCraft.Build.0 = ForUnityEditor|Any CPU
		{D4DA84F9-521F-438B-9C70-7FE8F4D1F32A}.ForUnityEditor|uzLib.ActiveCfg = ForUnityEditor|Any CPU
		{D4DA84F9-521F-438B-9C70-7FE8F4D1F32A}.ForUnityEditor|uzLib.Build.0 = ForUnityEditor|Any CPU
		{D4DA84F9-521F-438B-9C70-7FE8F4D1F32A}.ForUnityEditor|uzSourceToolkit.ActiveCfg = ForUnityEditor|Any CPU
		{D4DA84F9-521F-438B-9C70-7FE8F4D1F32A}.ForUnityEditor|uzSourceToolkit.Build.0 = ForUnityEditor|Any CPU
		{D4DA84F9-521F-438B-9C70-7FE8F4D1F32A}.ForUnityEditor|uzSurfaceMapper.ActiveCfg = ForUnityEditor|Any CPU
		{D4DA84F9-521F-438B-9C70-7FE8F4D1F32A}.ForUnityEditor|uzSurfaceMapper.Build.0 = ForUnityEditor|Any CPU
		{D4DA84F9-521F-438B-9C70-7FE8F4D1F32A}.ForUnityEditor|x64.ActiveCfg = ForUnityEditor|x64
		{D4DA84F9-521F-438B-9C70-7FE8F4D1F32A}.ForUnityEditor|x64.Build.0 = ForUnityEditor|x64
		{D4DA84F9-521F-438B-9C70-7FE8F4D1F32A}.ForUnityEditor|x86.ActiveCfg = ForUnityEditor|x86
		{D4DA84F9-521F-438B-9C70-7FE8F4D1F32A}.ForUnityEditor|x86.Build.0 = ForUnityEditor|x86
		{D4DA84F9-521F-438B-9C70-7FE8F4D1F32A}.Release|Any CPU.ActiveCfg = Release|Any CPU
		{D4DA84F9-521F-438B-9C70-7FE8F4D1F32A}.Release|Any CPU.Build.0 = Release|Any CPU
		{D4DA84F9-521F-438B-9C70-7FE8F4D1F32A}.Release|uzBuildingSystem.ActiveCfg = Release|Any CPU
		{D4DA84F9-521F-438B-9C70-7FE8F4D1F32A}.Release|uzBuildingSystem.Build.0 = Release|Any CPU
		{D4DA84F9-521F-438B-9C70-7FE8F4D1F32A}.Release|uzCraft.ActiveCfg = Release|Any CPU
		{D4DA84F9-521F-438B-9C70-7FE8F4D1F32A}.Release|uzCraft.Build.0 = Release|Any CPU
		{D4DA84F9-521F-438B-9C70-7FE8F4D1F32A}.Release|uzLib.ActiveCfg = Release|Any CPU
		{D4DA84F9-521F-438B-9C70-7FE8F4D1F32A}.Release|uzLib.Build.0 = Release|Any CPU
		{D4DA84F9-521F-438B-9C70-7FE8F4D1F32A}.Release|uzSourceToolkit.ActiveCfg = Release|Any CPU
		{D4DA84F9-521F-438B-9C70-7FE8F4D1F32A}.Release|uzSourceToolkit.Build.0 = Release|Any CPU
		{D4DA84F9-521F-438B-9C70-7FE8F4D1F32A}.Release|uzSurfaceMapper.ActiveCfg = Release|Any CPU
		{D4DA84F9-521F-438B-9C70-7FE8F4D1F32A}.Release|uzSurfaceMapper.Build.0 = Release|Any CPU
		{D4DA84F9-521F-438B-9C70-7FE8F4D1F32A}.Release|x64.ActiveCfg = Release|x64
		{D4DA84F9-521F-438B-9C70-7FE8F4D1F32A}.Release|x64.Build.0 = Release|x64
		{D4DA84F9-521F-438B-9C70-7FE8F4D1F32A}.Release|x86.ActiveCfg = Release|x86
		{D4DA84F9-521F-438B-9C70-7FE8F4D1F32A}.Release|x86.Build.0 = Release|x86
		{E1B1E24E-984C-4ADB-8703-27FD6CA4223E}.Debug|Any CPU.ActiveCfg = Debug|Any CPU
		{E1B1E24E-984C-4ADB-8703-27FD6CA4223E}.Debug|Any CPU.Build.0 = Debug|Any CPU
		{E1B1E24E-984C-4ADB-8703-27FD6CA4223E}.Debug|uzBuildingSystem.ActiveCfg = Debug|Any CPU
		{E1B1E24E-984C-4ADB-8703-27FD6CA4223E}.Debug|uzBuildingSystem.Build.0 = Debug|Any CPU
		{E1B1E24E-984C-4ADB-8703-27FD6CA4223E}.Debug|uzCraft.ActiveCfg = Debug|Any CPU
		{E1B1E24E-984C-4ADB-8703-27FD6CA4223E}.Debug|uzCraft.Build.0 = Debug|Any CPU
		{E1B1E24E-984C-4ADB-8703-27FD6CA4223E}.Debug|uzLib.ActiveCfg = Debug|Any CPU
		{E1B1E24E-984C-4ADB-8703-27FD6CA4223E}.Debug|uzLib.Build.0 = Debug|Any CPU
		{E1B1E24E-984C-4ADB-8703-27FD6CA4223E}.Debug|uzSourceToolkit.ActiveCfg = Debug|Any CPU
		{E1B1E24E-984C-4ADB-8703-27FD6CA4223E}.Debug|uzSourceToolkit.Build.0 = Debug|Any CPU
		{E1B1E24E-984C-4ADB-8703-27FD6CA4223E}.Debug|uzSurfaceMapper.ActiveCfg = Debug|Any CPU
		{E1B1E24E-984C-4ADB-8703-27FD6CA4223E}.Debug|uzSurfaceMapper.Build.0 = Debug|Any CPU
		{E1B1E24E-984C-4ADB-8703-27FD6CA4223E}.Debug|x64.ActiveCfg = Debug|x64
		{E1B1E24E-984C-4ADB-8703-27FD6CA4223E}.Debug|x64.Build.0 = Debug|x64
		{E1B1E24E-984C-4ADB-8703-27FD6CA4223E}.Debug|x86.ActiveCfg = Debug|x86
		{E1B1E24E-984C-4ADB-8703-27FD6CA4223E}.Debug|x86.Build.0 = Debug|x86
		{E1B1E24E-984C-4ADB-8703-27FD6CA4223E}.ForUnity|Any CPU.ActiveCfg = ForUnity|Any CPU
		{E1B1E24E-984C-4ADB-8703-27FD6CA4223E}.ForUnity|Any CPU.Build.0 = ForUnity|Any CPU
		{E1B1E24E-984C-4ADB-8703-27FD6CA4223E}.ForUnity|uzBuildingSystem.ActiveCfg = ForUnity|Any CPU
		{E1B1E24E-984C-4ADB-8703-27FD6CA4223E}.ForUnity|uzBuildingSystem.Build.0 = ForUnity|Any CPU
		{E1B1E24E-984C-4ADB-8703-27FD6CA4223E}.ForUnity|uzCraft.ActiveCfg = ForUnity|Any CPU
		{E1B1E24E-984C-4ADB-8703-27FD6CA4223E}.ForUnity|uzCraft.Build.0 = ForUnity|Any CPU
		{E1B1E24E-984C-4ADB-8703-27FD6CA4223E}.ForUnity|uzLib.ActiveCfg = ForUnity|Any CPU
		{E1B1E24E-984C-4ADB-8703-27FD6CA4223E}.ForUnity|uzLib.Build.0 = ForUnity|Any CPU
		{E1B1E24E-984C-4ADB-8703-27FD6CA4223E}.ForUnity|uzSourceToolkit.ActiveCfg = ForUnity|Any CPU
		{E1B1E24E-984C-4ADB-8703-27FD6CA4223E}.ForUnity|uzSourceToolkit.Build.0 = ForUnity|Any CPU
		{E1B1E24E-984C-4ADB-8703-27FD6CA4223E}.ForUnity|uzSurfaceMapper.ActiveCfg = ForUnity|Any CPU
		{E1B1E24E-984C-4ADB-8703-27FD6CA4223E}.ForUnity|uzSurfaceMapper.Build.0 = ForUnity|Any CPU
		{E1B1E24E-984C-4ADB-8703-27FD6CA4223E}.ForUnity|x64.ActiveCfg = ForUnity|x64
		{E1B1E24E-984C-4ADB-8703-27FD6CA4223E}.ForUnity|x64.Build.0 = ForUnity|x64
		{E1B1E24E-984C-4ADB-8703-27FD6CA4223E}.ForUnity|x86.ActiveCfg = ForUnity|x86
		{E1B1E24E-984C-4ADB-8703-27FD6CA4223E}.ForUnity|x86.Build.0 = ForUnity|x86
		{E1B1E24E-984C-4ADB-8703-27FD6CA4223E}.ForUnityAsPackage|Any CPU.ActiveCfg = ForUnityAsPackage|Any CPU
		{E1B1E24E-984C-4ADB-8703-27FD6CA4223E}.ForUnityAsPackage|Any CPU.Build.0 = ForUnityAsPackage|Any CPU
		{E1B1E24E-984C-4ADB-8703-27FD6CA4223E}.ForUnityAsPackage|uzBuildingSystem.ActiveCfg = ForUnityAsPackage|Any CPU
		{E1B1E24E-984C-4ADB-8703-27FD6CA4223E}.ForUnityAsPackage|uzBuildingSystem.Build.0 = ForUnityAsPackage|Any CPU
		{E1B1E24E-984C-4ADB-8703-27FD6CA4223E}.ForUnityAsPackage|uzCraft.ActiveCfg = ForUnityAsPackage|Any CPU
		{E1B1E24E-984C-4ADB-8703-27FD6CA4223E}.ForUnityAsPackage|uzCraft.Build.0 = ForUnityAsPackage|Any CPU
		{E1B1E24E-984C-4ADB-8703-27FD6CA4223E}.ForUnityAsPackage|uzLib.ActiveCfg = ForUnityAsPackage|Any CPU
		{E1B1E24E-984C-4ADB-8703-27FD6CA4223E}.ForUnityAsPackage|uzLib.Build.0 = ForUnityAsPackage|Any CPU
		{E1B1E24E-984C-4ADB-8703-27FD6CA4223E}.ForUnityAsPackage|uzSourceToolkit.ActiveCfg = ForUnityAsPackage|Any CPU
		{E1B1E24E-984C-4ADB-8703-27FD6CA4223E}.ForUnityAsPackage|uzSourceToolkit.Build.0 = ForUnityAsPackage|Any CPU
		{E1B1E24E-984C-4ADB-8703-27FD6CA4223E}.ForUnityAsPackage|uzSurfaceMapper.ActiveCfg = ForUnityAsPackage|Any CPU
		{E1B1E24E-984C-4ADB-8703-27FD6CA4223E}.ForUnityAsPackage|uzSurfaceMapper.Build.0 = ForUnityAsPackage|Any CPU
		{E1B1E24E-984C-4ADB-8703-27FD6CA4223E}.ForUnityAsPackage|x64.ActiveCfg = ForUnityAsPackage|x64
		{E1B1E24E-984C-4ADB-8703-27FD6CA4223E}.ForUnityAsPackage|x64.Build.0 = ForUnityAsPackage|x64
		{E1B1E24E-984C-4ADB-8703-27FD6CA4223E}.ForUnityAsPackage|x86.ActiveCfg = ForUnityAsPackage|x86
		{E1B1E24E-984C-4ADB-8703-27FD6CA4223E}.ForUnityAsPackage|x86.Build.0 = ForUnityAsPackage|x86
		{E1B1E24E-984C-4ADB-8703-27FD6CA4223E}.ForUnityEditor|Any CPU.ActiveCfg = ForUnityEditor|Any CPU
		{E1B1E24E-984C-4ADB-8703-27FD6CA4223E}.ForUnityEditor|Any CPU.Build.0 = ForUnityEditor|Any CPU
		{E1B1E24E-984C-4ADB-8703-27FD6CA4223E}.ForUnityEditor|uzBuildingSystem.ActiveCfg = ForUnityEditor|Any CPU
		{E1B1E24E-984C-4ADB-8703-27FD6CA4223E}.ForUnityEditor|uzBuildingSystem.Build.0 = ForUnityEditor|Any CPU
		{E1B1E24E-984C-4ADB-8703-27FD6CA4223E}.ForUnityEditor|uzCraft.ActiveCfg = ForUnityEditor|Any CPU
		{E1B1E24E-984C-4ADB-8703-27FD6CA4223E}.ForUnityEditor|uzCraft.Build.0 = ForUnityEditor|Any CPU
		{E1B1E24E-984C-4ADB-8703-27FD6CA4223E}.ForUnityEditor|uzLib.ActiveCfg = ForUnityEditor|Any CPU
		{E1B1E24E-984C-4ADB-8703-27FD6CA4223E}.ForUnityEditor|uzLib.Build.0 = ForUnityEditor|Any CPU
		{E1B1E24E-984C-4ADB-8703-27FD6CA4223E}.ForUnityEditor|uzSourceToolkit.ActiveCfg = ForUnityEditor|Any CPU
		{E1B1E24E-984C-4ADB-8703-27FD6CA4223E}.ForUnityEditor|uzSourceToolkit.Build.0 = ForUnityEditor|Any CPU
		{E1B1E24E-984C-4ADB-8703-27FD6CA4223E}.ForUnityEditor|uzSurfaceMapper.ActiveCfg = ForUnityEditor|Any CPU
		{E1B1E24E-984C-4ADB-8703-27FD6CA4223E}.ForUnityEditor|uzSurfaceMapper.Build.0 = ForUnityEditor|Any CPU
		{E1B1E24E-984C-4ADB-8703-27FD6CA4223E}.ForUnityEditor|x64.ActiveCfg = ForUnityEditor|x64
		{E1B1E24E-984C-4ADB-8703-27FD6CA4223E}.ForUnityEditor|x64.Build.0 = ForUnityEditor|x64
		{E1B1E24E-984C-4ADB-8703-27FD6CA4223E}.ForUnityEditor|x86.ActiveCfg = ForUnityEditor|x86
		{E1B1E24E-984C-4ADB-8703-27FD6CA4223E}.ForUnityEditor|x86.Build.0 = ForUnityEditor|x86
		{E1B1E24E-984C-4ADB-8703-27FD6CA4223E}.Release|Any CPU.ActiveCfg = Release|Any CPU
		{E1B1E24E-984C-4ADB-8703-27FD6CA4223E}.Release|Any CPU.Build.0 = Release|Any CPU
		{E1B1E24E-984C-4ADB-8703-27FD6CA4223E}.Release|uzBuildingSystem.ActiveCfg = Release|Any CPU
		{E1B1E24E-984C-4ADB-8703-27FD6CA4223E}.Release|uzBuildingSystem.Build.0 = Release|Any CPU
		{E1B1E24E-984C-4ADB-8703-27FD6CA4223E}.Release|uzCraft.ActiveCfg = Release|Any CPU
		{E1B1E24E-984C-4ADB-8703-27FD6CA4223E}.Release|uzCraft.Build.0 = Release|Any CPU
		{E1B1E24E-984C-4ADB-8703-27FD6CA4223E}.Release|uzLib.ActiveCfg = Release|Any CPU
		{E1B1E24E-984C-4ADB-8703-27FD6CA4223E}.Release|uzLib.Build.0 = Release|Any CPU
		{E1B1E24E-984C-4ADB-8703-27FD6CA4223E}.Release|uzSourceToolkit.ActiveCfg = Release|Any CPU
		{E1B1E24E-984C-4ADB-8703-27FD6CA4223E}.Release|uzSourceToolkit.Build.0 = Release|Any CPU
		{E1B1E24E-984C-4ADB-8703-27FD6CA4223E}.Release|uzSurfaceMapper.ActiveCfg = Release|Any CPU
		{E1B1E24E-984C-4ADB-8703-27FD6CA4223E}.Release|uzSurfaceMapper.Build.0 = Release|Any CPU
		{E1B1E24E-984C-4ADB-8703-27FD6CA4223E}.Release|x64.ActiveCfg = Release|x64
		{E1B1E24E-984C-4ADB-8703-27FD6CA4223E}.Release|x64.Build.0 = Release|x64
		{E1B1E24E-984C-4ADB-8703-27FD6CA4223E}.Release|x86.ActiveCfg = Release|x86
		{E1B1E24E-984C-4ADB-8703-27FD6CA4223E}.Release|x86.Build.0 = Release|x86
		{45D1C456-50EF-412E-B533-792862A1FFEA}.Debug|Any CPU.ActiveCfg = Debug|Any CPU
		{45D1C456-50EF-412E-B533-792862A1FFEA}.Debug|Any CPU.Build.0 = Debug|Any CPU
		{45D1C456-50EF-412E-B533-792862A1FFEA}.Debug|uzBuildingSystem.ActiveCfg = Debug|Any CPU
		{45D1C456-50EF-412E-B533-792862A1FFEA}.Debug|uzBuildingSystem.Build.0 = Debug|Any CPU
		{45D1C456-50EF-412E-B533-792862A1FFEA}.Debug|uzCraft.ActiveCfg = Debug|Any CPU
		{45D1C456-50EF-412E-B533-792862A1FFEA}.Debug|uzCraft.Build.0 = Debug|Any CPU
		{45D1C456-50EF-412E-B533-792862A1FFEA}.Debug|uzLib.ActiveCfg = Debug|Any CPU
		{45D1C456-50EF-412E-B533-792862A1FFEA}.Debug|uzLib.Build.0 = Debug|Any CPU
		{45D1C456-50EF-412E-B533-792862A1FFEA}.Debug|uzSourceToolkit.ActiveCfg = Debug|Any CPU
		{45D1C456-50EF-412E-B533-792862A1FFEA}.Debug|uzSourceToolkit.Build.0 = Debug|Any CPU
		{45D1C456-50EF-412E-B533-792862A1FFEA}.Debug|uzSurfaceMapper.ActiveCfg = Debug|Any CPU
		{45D1C456-50EF-412E-B533-792862A1FFEA}.Debug|uzSurfaceMapper.Build.0 = Debug|Any CPU
		{45D1C456-50EF-412E-B533-792862A1FFEA}.Debug|x64.ActiveCfg = Debug|Any CPU
		{45D1C456-50EF-412E-B533-792862A1FFEA}.Debug|x86.ActiveCfg = Debug|Any CPU
		{45D1C456-50EF-412E-B533-792862A1FFEA}.ForUnity|Any CPU.ActiveCfg = ForUnity|Any CPU
		{45D1C456-50EF-412E-B533-792862A1FFEA}.ForUnity|Any CPU.Build.0 = ForUnity|Any CPU
		{45D1C456-50EF-412E-B533-792862A1FFEA}.ForUnity|uzBuildingSystem.ActiveCfg = ForUnity|Any CPU
		{45D1C456-50EF-412E-B533-792862A1FFEA}.ForUnity|uzBuildingSystem.Build.0 = ForUnity|Any CPU
		{45D1C456-50EF-412E-B533-792862A1FFEA}.ForUnity|uzCraft.ActiveCfg = ForUnity|Any CPU
		{45D1C456-50EF-412E-B533-792862A1FFEA}.ForUnity|uzCraft.Build.0 = ForUnity|Any CPU
		{45D1C456-50EF-412E-B533-792862A1FFEA}.ForUnity|uzLib.ActiveCfg = ForUnity|Any CPU
		{45D1C456-50EF-412E-B533-792862A1FFEA}.ForUnity|uzLib.Build.0 = ForUnity|Any CPU
		{45D1C456-50EF-412E-B533-792862A1FFEA}.ForUnity|uzSourceToolkit.ActiveCfg = ForUnity|Any CPU
		{45D1C456-50EF-412E-B533-792862A1FFEA}.ForUnity|uzSourceToolkit.Build.0 = ForUnity|Any CPU
		{45D1C456-50EF-412E-B533-792862A1FFEA}.ForUnity|uzSurfaceMapper.ActiveCfg = ForUnity|Any CPU
		{45D1C456-50EF-412E-B533-792862A1FFEA}.ForUnity|uzSurfaceMapper.Build.0 = ForUnity|Any CPU
		{45D1C456-50EF-412E-B533-792862A1FFEA}.ForUnity|x64.ActiveCfg = ForUnity|Any CPU
		{45D1C456-50EF-412E-B533-792862A1FFEA}.ForUnity|x86.ActiveCfg = ForUnity|Any CPU
		{45D1C456-50EF-412E-B533-792862A1FFEA}.ForUnityAsPackage|Any CPU.ActiveCfg = ForUnityAsPackage|Any CPU
		{45D1C456-50EF-412E-B533-792862A1FFEA}.ForUnityAsPackage|Any CPU.Build.0 = ForUnityAsPackage|Any CPU
		{45D1C456-50EF-412E-B533-792862A1FFEA}.ForUnityAsPackage|uzBuildingSystem.ActiveCfg = ForUnityAsPackage|Any CPU
		{45D1C456-50EF-412E-B533-792862A1FFEA}.ForUnityAsPackage|uzBuildingSystem.Build.0 = ForUnityAsPackage|Any CPU
		{45D1C456-50EF-412E-B533-792862A1FFEA}.ForUnityAsPackage|uzCraft.ActiveCfg = ForUnityAsPackage|Any CPU
		{45D1C456-50EF-412E-B533-792862A1FFEA}.ForUnityAsPackage|uzCraft.Build.0 = ForUnityAsPackage|Any CPU
		{45D1C456-50EF-412E-B533-792862A1FFEA}.ForUnityAsPackage|uzLib.ActiveCfg = ForUnityAsPackage|Any CPU
		{45D1C456-50EF-412E-B533-792862A1FFEA}.ForUnityAsPackage|uzLib.Build.0 = ForUnityAsPackage|Any CPU
		{45D1C456-50EF-412E-B533-792862A1FFEA}.ForUnityAsPackage|uzSourceToolkit.ActiveCfg = ForUnityAsPackage|Any CPU
		{45D1C456-50EF-412E-B533-792862A1FFEA}.ForUnityAsPackage|uzSourceToolkit.Build.0 = ForUnityAsPackage|Any CPU
		{45D1C456-50EF-412E-B533-792862A1FFEA}.ForUnityAsPackage|uzSurfaceMapper.ActiveCfg = ForUnityAsPackage|Any CPU
		{45D1C456-50EF-412E-B533-792862A1FFEA}.ForUnityAsPackage|uzSurfaceMapper.Build.0 = ForUnityAsPackage|Any CPU
		{45D1C456-50EF-412E-B533-792862A1FFEA}.ForUnityAsPackage|x64.ActiveCfg = ForUnityAsPackage|Any CPU
		{45D1C456-50EF-412E-B533-792862A1FFEA}.ForUnityAsPackage|x86.ActiveCfg = ForUnityAsPackage|Any CPU
		{45D1C456-50EF-412E-B533-792862A1FFEA}.ForUnityEditor|Any CPU.ActiveCfg = ForUnityAsPackage|Any CPU
		{45D1C456-50EF-412E-B533-792862A1FFEA}.ForUnityEditor|Any CPU.Build.0 = ForUnityAsPackage|Any CPU
		{45D1C456-50EF-412E-B533-792862A1FFEA}.ForUnityEditor|uzBuildingSystem.ActiveCfg = ForUnityAsPackage|Any CPU
		{45D1C456-50EF-412E-B533-792862A1FFEA}.ForUnityEditor|uzBuildingSystem.Build.0 = ForUnityAsPackage|Any CPU
		{45D1C456-50EF-412E-B533-792862A1FFEA}.ForUnityEditor|uzCraft.ActiveCfg = ForUnityAsPackage|Any CPU
		{45D1C456-50EF-412E-B533-792862A1FFEA}.ForUnityEditor|uzCraft.Build.0 = ForUnityAsPackage|Any CPU
		{45D1C456-50EF-412E-B533-792862A1FFEA}.ForUnityEditor|uzLib.ActiveCfg = ForUnityAsPackage|Any CPU
		{45D1C456-50EF-412E-B533-792862A1FFEA}.ForUnityEditor|uzLib.Build.0 = ForUnityAsPackage|Any CPU
		{45D1C456-50EF-412E-B533-792862A1FFEA}.ForUnityEditor|uzSourceToolkit.ActiveCfg = ForUnityAsPackage|Any CPU
		{45D1C456-50EF-412E-B533-792862A1FFEA}.ForUnityEditor|uzSourceToolkit.Build.0 = ForUnityAsPackage|Any CPU
		{45D1C456-50EF-412E-B533-792862A1FFEA}.ForUnityEditor|uzSurfaceMapper.ActiveCfg = ForUnityAsPackage|Any CPU
		{45D1C456-50EF-412E-B533-792862A1FFEA}.ForUnityEditor|uzSurfaceMapper.Build.0 = ForUnityAsPackage|Any CPU
		{45D1C456-50EF-412E-B533-792862A1FFEA}.ForUnityEditor|x64.ActiveCfg = ForUnityAsPackage|Any CPU
		{45D1C456-50EF-412E-B533-792862A1FFEA}.ForUnityEditor|x64.Build.0 = ForUnityAsPackage|Any CPU
		{45D1C456-50EF-412E-B533-792862A1FFEA}.ForUnityEditor|x86.ActiveCfg = ForUnityAsPackage|Any CPU
		{45D1C456-50EF-412E-B533-792862A1FFEA}.ForUnityEditor|x86.Build.0 = ForUnityAsPackage|Any CPU
		{45D1C456-50EF-412E-B533-792862A1FFEA}.Release|Any CPU.ActiveCfg = Release|Any CPU
		{45D1C456-50EF-412E-B533-792862A1FFEA}.Release|Any CPU.Build.0 = Release|Any CPU
		{45D1C456-50EF-412E-B533-792862A1FFEA}.Release|uzBuildingSystem.ActiveCfg = Release|Any CPU
		{45D1C456-50EF-412E-B533-792862A1FFEA}.Release|uzBuildingSystem.Build.0 = Release|Any CPU
		{45D1C456-50EF-412E-B533-792862A1FFEA}.Release|uzCraft.ActiveCfg = Release|Any CPU
		{45D1C456-50EF-412E-B533-792862A1FFEA}.Release|uzCraft.Build.0 = Release|Any CPU
		{45D1C456-50EF-412E-B533-792862A1FFEA}.Release|uzLib.ActiveCfg = Release|Any CPU
		{45D1C456-50EF-412E-B533-792862A1FFEA}.Release|uzLib.Build.0 = Release|Any CPU
		{45D1C456-50EF-412E-B533-792862A1FFEA}.Release|uzSourceToolkit.ActiveCfg = Release|Any CPU
		{45D1C456-50EF-412E-B533-792862A1FFEA}.Release|uzSourceToolkit.Build.0 = Release|Any CPU
		{45D1C456-50EF-412E-B533-792862A1FFEA}.Release|uzSurfaceMapper.ActiveCfg = Release|Any CPU
		{45D1C456-50EF-412E-B533-792862A1FFEA}.Release|uzSurfaceMapper.Build.0 = Release|Any CPU
		{45D1C456-50EF-412E-B533-792862A1FFEA}.Release|x64.ActiveCfg = Release|Any CPU
		{45D1C456-50EF-412E-B533-792862A1FFEA}.Release|x86.ActiveCfg = Release|Any CPU
		{FCE02434-F560-4D30-9D8C-F7BBA0EDC36F}.Debug|Any CPU.ActiveCfg = Debug|Any CPU
		{FCE02434-F560-4D30-9D8C-F7BBA0EDC36F}.Debug|Any CPU.Build.0 = Debug|Any CPU
		{FCE02434-F560-4D30-9D8C-F7BBA0EDC36F}.Debug|uzBuildingSystem.ActiveCfg = Debug|Any CPU
		{FCE02434-F560-4D30-9D8C-F7BBA0EDC36F}.Debug|uzBuildingSystem.Build.0 = Debug|Any CPU
		{FCE02434-F560-4D30-9D8C-F7BBA0EDC36F}.Debug|uzCraft.ActiveCfg = Debug|Any CPU
		{FCE02434-F560-4D30-9D8C-F7BBA0EDC36F}.Debug|uzCraft.Build.0 = Debug|Any CPU
		{FCE02434-F560-4D30-9D8C-F7BBA0EDC36F}.Debug|uzLib.ActiveCfg = Debug|Any CPU
		{FCE02434-F560-4D30-9D8C-F7BBA0EDC36F}.Debug|uzLib.Build.0 = Debug|Any CPU
		{FCE02434-F560-4D30-9D8C-F7BBA0EDC36F}.Debug|uzSourceToolkit.ActiveCfg = Debug|Any CPU
		{FCE02434-F560-4D30-9D8C-F7BBA0EDC36F}.Debug|uzSourceToolkit.Build.0 = Debug|Any CPU
		{FCE02434-F560-4D30-9D8C-F7BBA0EDC36F}.Debug|uzSurfaceMapper.ActiveCfg = Debug|Any CPU
		{FCE02434-F560-4D30-9D8C-F7BBA0EDC36F}.Debug|uzSurfaceMapper.Build.0 = Debug|Any CPU
		{FCE02434-F560-4D30-9D8C-F7BBA0EDC36F}.Debug|x64.ActiveCfg = Debug|x64
		{FCE02434-F560-4D30-9D8C-F7BBA0EDC36F}.Debug|x64.Build.0 = Debug|x64
		{FCE02434-F560-4D30-9D8C-F7BBA0EDC36F}.Debug|x86.ActiveCfg = Debug|x86
		{FCE02434-F560-4D30-9D8C-F7BBA0EDC36F}.Debug|x86.Build.0 = Debug|x86
		{FCE02434-F560-4D30-9D8C-F7BBA0EDC36F}.ForUnity|Any CPU.ActiveCfg = ForUnity|Any CPU
		{FCE02434-F560-4D30-9D8C-F7BBA0EDC36F}.ForUnity|Any CPU.Build.0 = ForUnity|Any CPU
		{FCE02434-F560-4D30-9D8C-F7BBA0EDC36F}.ForUnity|uzBuildingSystem.ActiveCfg = ForUnity|Any CPU
		{FCE02434-F560-4D30-9D8C-F7BBA0EDC36F}.ForUnity|uzBuildingSystem.Build.0 = ForUnity|Any CPU
		{FCE02434-F560-4D30-9D8C-F7BBA0EDC36F}.ForUnity|uzCraft.ActiveCfg = ForUnity|Any CPU
		{FCE02434-F560-4D30-9D8C-F7BBA0EDC36F}.ForUnity|uzCraft.Build.0 = ForUnity|Any CPU
		{FCE02434-F560-4D30-9D8C-F7BBA0EDC36F}.ForUnity|uzLib.ActiveCfg = ForUnity|Any CPU
		{FCE02434-F560-4D30-9D8C-F7BBA0EDC36F}.ForUnity|uzLib.Build.0 = ForUnity|Any CPU
		{FCE02434-F560-4D30-9D8C-F7BBA0EDC36F}.ForUnity|uzSourceToolkit.ActiveCfg = ForUnity|Any CPU
		{FCE02434-F560-4D30-9D8C-F7BBA0EDC36F}.ForUnity|uzSourceToolkit.Build.0 = ForUnity|Any CPU
		{FCE02434-F560-4D30-9D8C-F7BBA0EDC36F}.ForUnity|uzSurfaceMapper.ActiveCfg = ForUnity|Any CPU
		{FCE02434-F560-4D30-9D8C-F7BBA0EDC36F}.ForUnity|uzSurfaceMapper.Build.0 = ForUnity|Any CPU
		{FCE02434-F560-4D30-9D8C-F7BBA0EDC36F}.ForUnity|x64.ActiveCfg = ForUnity|x64
		{FCE02434-F560-4D30-9D8C-F7BBA0EDC36F}.ForUnity|x64.Build.0 = ForUnity|x64
		{FCE02434-F560-4D30-9D8C-F7BBA0EDC36F}.ForUnity|x86.ActiveCfg = ForUnity|x86
		{FCE02434-F560-4D30-9D8C-F7BBA0EDC36F}.ForUnity|x86.Build.0 = ForUnity|x86
		{FCE02434-F560-4D30-9D8C-F7BBA0EDC36F}.ForUnityAsPackage|Any CPU.ActiveCfg = ForUnityAsPackage|Any CPU
		{FCE02434-F560-4D30-9D8C-F7BBA0EDC36F}.ForUnityAsPackage|Any CPU.Build.0 = ForUnityAsPackage|Any CPU
		{FCE02434-F560-4D30-9D8C-F7BBA0EDC36F}.ForUnityAsPackage|uzBuildingSystem.ActiveCfg = ForUnityAsPackage|Any CPU
		{FCE02434-F560-4D30-9D8C-F7BBA0EDC36F}.ForUnityAsPackage|uzBuildingSystem.Build.0 = ForUnityAsPackage|Any CPU
		{FCE02434-F560-4D30-9D8C-F7BBA0EDC36F}.ForUnityAsPackage|uzCraft.ActiveCfg = ForUnityAsPackage|Any CPU
		{FCE02434-F560-4D30-9D8C-F7BBA0EDC36F}.ForUnityAsPackage|uzCraft.Build.0 = ForUnityAsPackage|Any CPU
		{FCE02434-F560-4D30-9D8C-F7BBA0EDC36F}.ForUnityAsPackage|uzLib.ActiveCfg = ForUnityAsPackage|Any CPU
		{FCE02434-F560-4D30-9D8C-F7BBA0EDC36F}.ForUnityAsPackage|uzLib.Build.0 = ForUnityAsPackage|Any CPU
		{FCE02434-F560-4D30-9D8C-F7BBA0EDC36F}.ForUnityAsPackage|uzSourceToolkit.ActiveCfg = ForUnityAsPackage|Any CPU
		{FCE02434-F560-4D30-9D8C-F7BBA0EDC36F}.ForUnityAsPackage|uzSourceToolkit.Build.0 = ForUnityAsPackage|Any CPU
		{FCE02434-F560-4D30-9D8C-F7BBA0EDC36F}.ForUnityAsPackage|uzSurfaceMapper.ActiveCfg = ForUnityAsPackage|Any CPU
		{FCE02434-F560-4D30-9D8C-F7BBA0EDC36F}.ForUnityAsPackage|uzSurfaceMapper.Build.0 = ForUnityAsPackage|Any CPU
		{FCE02434-F560-4D30-9D8C-F7BBA0EDC36F}.ForUnityAsPackage|x64.ActiveCfg = ForUnityAsPackage|x64
		{FCE02434-F560-4D30-9D8C-F7BBA0EDC36F}.ForUnityAsPackage|x64.Build.0 = ForUnityAsPackage|x64
		{FCE02434-F560-4D30-9D8C-F7BBA0EDC36F}.ForUnityAsPackage|x86.ActiveCfg = ForUnityAsPackage|x86
		{FCE02434-F560-4D30-9D8C-F7BBA0EDC36F}.ForUnityAsPackage|x86.Build.0 = ForUnityAsPackage|x86
		{FCE02434-F560-4D30-9D8C-F7BBA0EDC36F}.ForUnityEditor|Any CPU.ActiveCfg = ForUnityEditor|Any CPU
		{FCE02434-F560-4D30-9D8C-F7BBA0EDC36F}.ForUnityEditor|Any CPU.Build.0 = ForUnityEditor|Any CPU
		{FCE02434-F560-4D30-9D8C-F7BBA0EDC36F}.ForUnityEditor|uzBuildingSystem.ActiveCfg = ForUnityEditor|Any CPU
		{FCE02434-F560-4D30-9D8C-F7BBA0EDC36F}.ForUnityEditor|uzBuildingSystem.Build.0 = ForUnityEditor|Any CPU
		{FCE02434-F560-4D30-9D8C-F7BBA0EDC36F}.ForUnityEditor|uzCraft.ActiveCfg = ForUnityEditor|Any CPU
		{FCE02434-F560-4D30-9D8C-F7BBA0EDC36F}.ForUnityEditor|uzCraft.Build.0 = ForUnityEditor|Any CPU
		{FCE02434-F560-4D30-9D8C-F7BBA0EDC36F}.ForUnityEditor|uzLib.ActiveCfg = ForUnityEditor|Any CPU
		{FCE02434-F560-4D30-9D8C-F7BBA0EDC36F}.ForUnityEditor|uzLib.Build.0 = ForUnityEditor|Any CPU
		{FCE02434-F560-4D30-9D8C-F7BBA0EDC36F}.ForUnityEditor|uzSourceToolkit.ActiveCfg = ForUnityEditor|Any CPU
		{FCE02434-F560-4D30-9D8C-F7BBA0EDC36F}.ForUnityEditor|uzSourceToolkit.Build.0 = ForUnityEditor|Any CPU
		{FCE02434-F560-4D30-9D8C-F7BBA0EDC36F}.ForUnityEditor|uzSurfaceMapper.ActiveCfg = ForUnityEditor|Any CPU
		{FCE02434-F560-4D30-9D8C-F7BBA0EDC36F}.ForUnityEditor|uzSurfaceMapper.Build.0 = ForUnityEditor|Any CPU
		{FCE02434-F560-4D30-9D8C-F7BBA0EDC36F}.ForUnityEditor|x64.ActiveCfg = ForUnityEditor|x64
		{FCE02434-F560-4D30-9D8C-F7BBA0EDC36F}.ForUnityEditor|x64.Build.0 = ForUnityEditor|x64
		{FCE02434-F560-4D30-9D8C-F7BBA0EDC36F}.ForUnityEditor|x86.ActiveCfg = ForUnityEditor|x86
		{FCE02434-F560-4D30-9D8C-F7BBA0EDC36F}.ForUnityEditor|x86.Build.0 = ForUnityEditor|x86
		{FCE02434-F560-4D30-9D8C-F7BBA0EDC36F}.Release|Any CPU.ActiveCfg = Release|Any CPU
		{FCE02434-F560-4D30-9D8C-F7BBA0EDC36F}.Release|Any CPU.Build.0 = Release|Any CPU
		{FCE02434-F560-4D30-9D8C-F7BBA0EDC36F}.Release|uzBuildingSystem.ActiveCfg = Release|Any CPU
		{FCE02434-F560-4D30-9D8C-F7BBA0EDC36F}.Release|uzBuildingSystem.Build.0 = Release|Any CPU
		{FCE02434-F560-4D30-9D8C-F7BBA0EDC36F}.Release|uzCraft.ActiveCfg = Release|Any CPU
		{FCE02434-F560-4D30-9D8C-F7BBA0EDC36F}.Release|uzCraft.Build.0 = Release|Any CPU
		{FCE02434-F560-4D30-9D8C-F7BBA0EDC36F}.Release|uzLib.ActiveCfg = Release|Any CPU
		{FCE02434-F560-4D30-9D8C-F7BBA0EDC36F}.Release|uzLib.Build.0 = Release|Any CPU
		{FCE02434-F560-4D30-9D8C-F7BBA0EDC36F}.Release|uzSourceToolkit.ActiveCfg = Release|Any CPU
		{FCE02434-F560-4D30-9D8C-F7BBA0EDC36F}.Release|uzSourceToolkit.Build.0 = Release|Any CPU
		{FCE02434-F560-4D30-9D8C-F7BBA0EDC36F}.Release|uzSurfaceMapper.ActiveCfg = Release|Any CPU
		{FCE02434-F560-4D30-9D8C-F7BBA0EDC36F}.Release|uzSurfaceMapper.Build.0 = Release|Any CPU
		{FCE02434-F560-4D30-9D8C-F7BBA0EDC36F}.Release|x64.ActiveCfg = Release|x64
		{FCE02434-F560-4D30-9D8C-F7BBA0EDC36F}.Release|x64.Build.0 = Release|x64
		{FCE02434-F560-4D30-9D8C-F7BBA0EDC36F}.Release|x86.ActiveCfg = Release|x86
		{FCE02434-F560-4D30-9D8C-F7BBA0EDC36F}.Release|x86.Build.0 = Release|x86
		{E4E60A46-FB59-4284-A011-9299D6BD5263}.Debug|Any CPU.ActiveCfg = Debug|Any CPU
		{E4E60A46-FB59-4284-A011-9299D6BD5263}.Debug|Any CPU.Build.0 = Debug|Any CPU
		{E4E60A46-FB59-4284-A011-9299D6BD5263}.Debug|uzBuildingSystem.ActiveCfg = Debug|Any CPU
		{E4E60A46-FB59-4284-A011-9299D6BD5263}.Debug|uzBuildingSystem.Build.0 = Debug|Any CPU
		{E4E60A46-FB59-4284-A011-9299D6BD5263}.Debug|uzCraft.ActiveCfg = Debug|Any CPU
		{E4E60A46-FB59-4284-A011-9299D6BD5263}.Debug|uzCraft.Build.0 = Debug|Any CPU
		{E4E60A46-FB59-4284-A011-9299D6BD5263}.Debug|uzLib.ActiveCfg = Debug|Any CPU
		{E4E60A46-FB59-4284-A011-9299D6BD5263}.Debug|uzLib.Build.0 = Debug|Any CPU
		{E4E60A46-FB59-4284-A011-9299D6BD5263}.Debug|uzSourceToolkit.ActiveCfg = Debug|Any CPU
		{E4E60A46-FB59-4284-A011-9299D6BD5263}.Debug|uzSourceToolkit.Build.0 = Debug|Any CPU
		{E4E60A46-FB59-4284-A011-9299D6BD5263}.Debug|uzSurfaceMapper.ActiveCfg = Debug|Any CPU
		{E4E60A46-FB59-4284-A011-9299D6BD5263}.Debug|uzSurfaceMapper.Build.0 = Debug|Any CPU
		{E4E60A46-FB59-4284-A011-9299D6BD5263}.Debug|x64.ActiveCfg = Debug|x64
		{E4E60A46-FB59-4284-A011-9299D6BD5263}.Debug|x64.Build.0 = Debug|x64
		{E4E60A46-FB59-4284-A011-9299D6BD5263}.Debug|x86.ActiveCfg = Debug|x86
		{E4E60A46-FB59-4284-A011-9299D6BD5263}.Debug|x86.Build.0 = Debug|x86
		{E4E60A46-FB59-4284-A011-9299D6BD5263}.ForUnity|Any CPU.ActiveCfg = Release|Any CPU
		{E4E60A46-FB59-4284-A011-9299D6BD5263}.ForUnity|Any CPU.Build.0 = Release|Any CPU
		{E4E60A46-FB59-4284-A011-9299D6BD5263}.ForUnity|uzBuildingSystem.ActiveCfg = Release|Any CPU
		{E4E60A46-FB59-4284-A011-9299D6BD5263}.ForUnity|uzBuildingSystem.Build.0 = Release|Any CPU
		{E4E60A46-FB59-4284-A011-9299D6BD5263}.ForUnity|uzCraft.ActiveCfg = Release|Any CPU
		{E4E60A46-FB59-4284-A011-9299D6BD5263}.ForUnity|uzCraft.Build.0 = Release|Any CPU
		{E4E60A46-FB59-4284-A011-9299D6BD5263}.ForUnity|uzLib.ActiveCfg = Release|Any CPU
		{E4E60A46-FB59-4284-A011-9299D6BD5263}.ForUnity|uzLib.Build.0 = Release|Any CPU
		{E4E60A46-FB59-4284-A011-9299D6BD5263}.ForUnity|uzSourceToolkit.ActiveCfg = Release|Any CPU
		{E4E60A46-FB59-4284-A011-9299D6BD5263}.ForUnity|uzSourceToolkit.Build.0 = Release|Any CPU
		{E4E60A46-FB59-4284-A011-9299D6BD5263}.ForUnity|uzSurfaceMapper.ActiveCfg = Release|Any CPU
		{E4E60A46-FB59-4284-A011-9299D6BD5263}.ForUnity|uzSurfaceMapper.Build.0 = Release|Any CPU
		{E4E60A46-FB59-4284-A011-9299D6BD5263}.ForUnity|x64.ActiveCfg = ForUnityAsPackage|x64
		{E4E60A46-FB59-4284-A011-9299D6BD5263}.ForUnity|x64.Build.0 = ForUnityAsPackage|x64
		{E4E60A46-FB59-4284-A011-9299D6BD5263}.ForUnity|x86.ActiveCfg = ForUnityAsPackage|x86
		{E4E60A46-FB59-4284-A011-9299D6BD5263}.ForUnity|x86.Build.0 = ForUnityAsPackage|x86
		{E4E60A46-FB59-4284-A011-9299D6BD5263}.ForUnityAsPackage|Any CPU.ActiveCfg = ForUnityAsPackage|Any CPU
		{E4E60A46-FB59-4284-A011-9299D6BD5263}.ForUnityAsPackage|Any CPU.Build.0 = ForUnityAsPackage|Any CPU
		{E4E60A46-FB59-4284-A011-9299D6BD5263}.ForUnityAsPackage|uzBuildingSystem.ActiveCfg = ForUnityAsPackage|Any CPU
		{E4E60A46-FB59-4284-A011-9299D6BD5263}.ForUnityAsPackage|uzBuildingSystem.Build.0 = ForUnityAsPackage|Any CPU
		{E4E60A46-FB59-4284-A011-9299D6BD5263}.ForUnityAsPackage|uzCraft.ActiveCfg = ForUnityAsPackage|Any CPU
		{E4E60A46-FB59-4284-A011-9299D6BD5263}.ForUnityAsPackage|uzCraft.Build.0 = ForUnityAsPackage|Any CPU
		{E4E60A46-FB59-4284-A011-9299D6BD5263}.ForUnityAsPackage|uzLib.ActiveCfg = ForUnityAsPackage|Any CPU
		{E4E60A46-FB59-4284-A011-9299D6BD5263}.ForUnityAsPackage|uzLib.Build.0 = ForUnityAsPackage|Any CPU
		{E4E60A46-FB59-4284-A011-9299D6BD5263}.ForUnityAsPackage|uzSourceToolkit.ActiveCfg = ForUnityAsPackage|Any CPU
		{E4E60A46-FB59-4284-A011-9299D6BD5263}.ForUnityAsPackage|uzSourceToolkit.Build.0 = ForUnityAsPackage|Any CPU
		{E4E60A46-FB59-4284-A011-9299D6BD5263}.ForUnityAsPackage|uzSurfaceMapper.ActiveCfg = ForUnityAsPackage|Any CPU
		{E4E60A46-FB59-4284-A011-9299D6BD5263}.ForUnityAsPackage|uzSurfaceMapper.Build.0 = ForUnityAsPackage|Any CPU
		{E4E60A46-FB59-4284-A011-9299D6BD5263}.ForUnityAsPackage|x64.ActiveCfg = ForUnityAsPackage|x64
		{E4E60A46-FB59-4284-A011-9299D6BD5263}.ForUnityAsPackage|x64.Build.0 = ForUnityAsPackage|x64
		{E4E60A46-FB59-4284-A011-9299D6BD5263}.ForUnityAsPackage|x86.ActiveCfg = ForUnityAsPackage|x86
		{E4E60A46-FB59-4284-A011-9299D6BD5263}.ForUnityAsPackage|x86.Build.0 = ForUnityAsPackage|x86
		{E4E60A46-FB59-4284-A011-9299D6BD5263}.ForUnityEditor|Any CPU.ActiveCfg = ForUnityEditor|Any CPU
		{E4E60A46-FB59-4284-A011-9299D6BD5263}.ForUnityEditor|Any CPU.Build.0 = ForUnityEditor|Any CPU
		{E4E60A46-FB59-4284-A011-9299D6BD5263}.ForUnityEditor|uzBuildingSystem.ActiveCfg = ForUnityEditor|Any CPU
		{E4E60A46-FB59-4284-A011-9299D6BD5263}.ForUnityEditor|uzBuildingSystem.Build.0 = ForUnityEditor|Any CPU
		{E4E60A46-FB59-4284-A011-9299D6BD5263}.ForUnityEditor|uzCraft.ActiveCfg = ForUnityEditor|Any CPU
		{E4E60A46-FB59-4284-A011-9299D6BD5263}.ForUnityEditor|uzCraft.Build.0 = ForUnityEditor|Any CPU
		{E4E60A46-FB59-4284-A011-9299D6BD5263}.ForUnityEditor|uzLib.ActiveCfg = ForUnityEditor|Any CPU
		{E4E60A46-FB59-4284-A011-9299D6BD5263}.ForUnityEditor|uzLib.Build.0 = ForUnityEditor|Any CPU
		{E4E60A46-FB59-4284-A011-9299D6BD5263}.ForUnityEditor|uzSourceToolkit.ActiveCfg = ForUnityEditor|Any CPU
		{E4E60A46-FB59-4284-A011-9299D6BD5263}.ForUnityEditor|uzSourceToolkit.Build.0 = ForUnityEditor|Any CPU
		{E4E60A46-FB59-4284-A011-9299D6BD5263}.ForUnityEditor|uzSurfaceMapper.ActiveCfg = ForUnityEditor|Any CPU
		{E4E60A46-FB59-4284-A011-9299D6BD5263}.ForUnityEditor|uzSurfaceMapper.Build.0 = ForUnityEditor|Any CPU
		{E4E60A46-FB59-4284-A011-9299D6BD5263}.ForUnityEditor|x64.ActiveCfg = ForUnityEditor|x64
		{E4E60A46-FB59-4284-A011-9299D6BD5263}.ForUnityEditor|x64.Build.0 = ForUnityEditor|x64
		{E4E60A46-FB59-4284-A011-9299D6BD5263}.ForUnityEditor|x86.ActiveCfg = ForUnityEditor|x86
		{E4E60A46-FB59-4284-A011-9299D6BD5263}.ForUnityEditor|x86.Build.0 = ForUnityEditor|x86
		{E4E60A46-FB59-4284-A011-9299D6BD5263}.Release|Any CPU.ActiveCfg = Release|Any CPU
		{E4E60A46-FB59-4284-A011-9299D6BD5263}.Release|Any CPU.Build.0 = Release|Any CPU
		{E4E60A46-FB59-4284-A011-9299D6BD5263}.Release|uzBuildingSystem.ActiveCfg = Release|Any CPU
		{E4E60A46-FB59-4284-A011-9299D6BD5263}.Release|uzBuildingSystem.Build.0 = Release|Any CPU
		{E4E60A46-FB59-4284-A011-9299D6BD5263}.Release|uzCraft.ActiveCfg = Release|Any CPU
		{E4E60A46-FB59-4284-A011-9299D6BD5263}.Release|uzCraft.Build.0 = Release|Any CPU
		{E4E60A46-FB59-4284-A011-9299D6BD5263}.Release|uzLib.ActiveCfg = Release|Any CPU
		{E4E60A46-FB59-4284-A011-9299D6BD5263}.Release|uzLib.Build.0 = Release|Any CPU
		{E4E60A46-FB59-4284-A011-9299D6BD5263}.Release|uzSourceToolkit.ActiveCfg = Release|Any CPU
		{E4E60A46-FB59-4284-A011-9299D6BD5263}.Release|uzSourceToolkit.Build.0 = Release|Any CPU
		{E4E60A46-FB59-4284-A011-9299D6BD5263}.Release|uzSurfaceMapper.ActiveCfg = Release|Any CPU
		{E4E60A46-FB59-4284-A011-9299D6BD5263}.Release|uzSurfaceMapper.Build.0 = Release|Any CPU
		{E4E60A46-FB59-4284-A011-9299D6BD5263}.Release|x64.ActiveCfg = Release|x64
		{E4E60A46-FB59-4284-A011-9299D6BD5263}.Release|x64.Build.0 = Release|x64
		{E4E60A46-FB59-4284-A011-9299D6BD5263}.Release|x86.ActiveCfg = Release|x86
		{E4E60A46-FB59-4284-A011-9299D6BD5263}.Release|x86.Build.0 = Release|x86
	EndGlobalSection
	GlobalSection(SolutionProperties) = preSolution
		HideSolutionNode = FALSE
	EndGlobalSection
	GlobalSection(ExtensibilityGlobals) = postSolution
		SolutionGuid = {908FCC7E-3CE7-4C54-9217-318A6028D159}
	EndGlobalSection
EndGlobal
